<?xml version="1.0" encoding="utf-8"?>
<Project ToolsVersion="14.0" xmlns="http://schemas.microsoft.com/developer/msbuild/2003">
  <ItemGroup>
    <Filter Include="Source Files">
      <UniqueIdentifier>{A3967FC3-CD27-3535-A85E-D9BCBCB0464E}</UniqueIdentifier>
    </Filter>
    <Filter Include="Core">
      <UniqueIdentifier>{407ef64a-8001-46f1-9095-36bb3d63fbfa}</UniqueIdentifier>
    </Filter>
    <Filter Include="Graphics">
      <UniqueIdentifier>{98b12c4f-b634-4835-8505-8d71f210cb62}</UniqueIdentifier>
    </Filter>
  </ItemGroup>
  <ItemGroup>
    <ClCompile Include="Graphics\Shader.cpp">
      <Filter>Graphics</Filter>
    </ClCompile>
    <ClCompile Include="Graphics\Model.cpp">
      <Filter>Graphics</Filter>
    </ClCompile>
    <ClCompile Include="Graphics\Material.cpp">
      <Filter>Graphics</Filter>
    </ClCompile>
    <ClCompile Include="Graphics\Graphics.cpp">
      <Filter>Graphics</Filter>
    </ClCompile>
    <ClCompile Include="Core\Object.cpp">
      <Filter>Core</Filter>
    </ClCompile>
    <ClCompile Include="Core\Attribute.cpp" />
    <ClCompile Include="Precompiled.cpp" />
    <ClCompile Include="Core\TypeInfo.cpp" />
    <ClCompile Include="Serialize\ObjectInspector.cpp" />
    <ClCompile Include="Core\StringUtil.cpp" />
    <ClCompile Include="Core\Context.cpp" />
    <ClCompile Include="Core\Event.cpp" />
    <ClCompile Include="IO\Log.cpp" />
    <ClCompile Include="Container\Str.cpp" />
    <ClCompile Include="Container\Swap.cpp" />
    <ClCompile Include="Container\VectorBase.cpp" />
    <ClCompile Include="Container\Stringid.cpp" />
    <ClCompile Include="IO\File.cpp" />
    <ClCompile Include="IO\FileSystem.cpp" />
    <ClCompile Include="IO\FileWatcher.cpp" />
    <ClCompile Include="IO\PackageFile.cpp" />
    <ClCompile Include="Core\Profiler.cpp" />
    <ClCompile Include="Core\Timer.cpp" />
    <ClCompile Include="Core\Thread.cpp" />
    <ClCompile Include="Math\MathDefs.cpp" />
    <ClCompile Include="Container\RefCounted.cpp" />
    <ClCompile Include="IO\AbstractFile.cpp" />
    <ClCompile Include="Engine\Application.cpp" />
    <ClCompile Include="Serialize\mpack\mpack-writer.c" />
    <ClCompile Include="Serialize\mpack\mpack-platform.c" />
    <ClCompile Include="Serialize\mpack\mpack-reader.c" />
    <ClCompile Include="Serialize\mpack\mpack-expect.c" />
    <ClCompile Include="Serialize\mpack\mpack-common.c" />
    <ClCompile Include="Serialize\mpack\mpack-node.c" />
    <ClCompile Include="Serialize\json2msgpack.cpp" />
    <ClCompile Include="Serialize\msgpack2json.cpp" />
    <ClCompile Include="Graphics\GraphicsDefs.cpp" />
    <ClCompile Include="Resource\Resource.cpp" />
    <ClCompile Include="Resource\Image.cpp" />
    <ClCompile Include="main.cpp">
      <Filter>Source Files</Filter>
    </ClCompile>
    <ClCompile Include="Sample.cpp" />
  </ItemGroup>
  <ItemGroup>
    <ClInclude Include="Graphics\Shader.h">
      <Filter>Graphics</Filter>
    </ClInclude>
    <ClInclude Include="Graphics\Model.h">
      <Filter>Graphics</Filter>
    </ClInclude>
    <ClInclude Include="Graphics\Material.h">
      <Filter>Graphics</Filter>
    </ClInclude>
    <ClInclude Include="Graphics\Graphics.h">
      <Filter>Graphics</Filter>
    </ClInclude>
    <ClInclude Include="Core\Object.h">
      <Filter>Core</Filter>
    </ClInclude>
    <ClInclude Include="Core\CoreDefs.h">
      <Filter>Core</Filter>
    </ClInclude>
    <ClInclude Include="Core\Attribute.h" />
    <ClInclude Include="Precompiled.h" />
    <ClInclude Include="Core\TypeInfo.h" />
    <ClInclude Include="Core\SpinLock.h" />
    <ClInclude Include="Serialize\ObjectInspector.h" />
    <ClInclude Include="Serialize\SerializeDefs.h" />
    <ClInclude Include="Serialize\SerializeTraits.h" />
    <ClInclude Include="Serialize\SerializeTraitsBasic.h" />
    <ClInclude Include="Serialize\SerializeTraitsStd.h" />
    <ClInclude Include="Core\StringUtil.h" />
    <ClInclude Include="Core\Context.h" />
    <ClInclude Include="Core\Event.h" />
    <ClInclude Include="IO\Log.h" />
    <ClInclude Include="Container\Arrayptr.h" />
    <ClInclude Include="Container\Linkedlist.h" />
    <ClInclude Include="Container\Ptr.h" />
    <ClInclude Include="Container\Sort.h" />
    <ClInclude Include="Container\Str.h" />
    <ClInclude Include="Container\Swap.h" />
    <ClInclude Include="Container\Vector.h" />
    <ClInclude Include="Container\VectorBase.h" />
    <ClInclude Include="Container\Stringid.h" />
    <ClInclude Include="IO\File.h" />
    <ClInclude Include="IO\FileSystem.h" />
    <ClInclude Include="IO\FileWatcher.h" />
    <ClInclude Include="IO\IOEvents.h" />
    <ClInclude Include="IO\PackageFile.h" />
    <ClInclude Include="Core\Profiler.h" />
    <ClInclude Include="Core\Timer.h" />
    <ClInclude Include="IO\AbstractFile.h" />
    <ClInclude Include="Core\Thread.h" />
    <ClInclude Include="Math\MathDefs.h" />
    <ClInclude Include="Container\RefCounted.h" />
    <ClInclude Include="Core\CoreEvents.h" />
    <ClInclude Include="Serialize\mpack\mpack.h" />
    <ClInclude Include="Serialize\mpack\mpack-common.h" />
    <ClInclude Include="Serialize\mpack\mpack-expect.h" />
    <ClInclude Include="Serialize\mpack\mpack-node.h" />
    <ClInclude Include="Serialize\mpack\mpack-platform.h" />
    <ClInclude Include="Serialize\mpack\mpack-reader.h" />
    <ClInclude Include="Serialize\mpack\mpack-writer.h" />
    <ClInclude Include="Engine\Application.h">
      <Filter>Source Files</Filter>
    </ClInclude>
    <ClInclude Include="Serialize\JsonReader.h" />
    <ClInclude Include="Serialize\JsonWriter.h" />
    <ClInclude Include="Serialize\BinaryWriter.h" />
    <ClInclude Include="Serialize\BinaryReader.h" />
    <ClInclude Include="Serialize\TransferBase.h" />
    <ClInclude Include="Graphics\GraphicsDefs.h" />
    <ClInclude Include="Resource\Resource.h" />
    <ClInclude Include="Resource\Image.h" />
    <ClInclude Include="Sample.h" />
  </ItemGroup>
</Project>