
Microsoft Visual Studio Solution File, Format Version 12.00
# Visual Studio 15
VisualStudioVersion = 15.0.26730.12
MinimumVisualStudioVersion = 10.0.40219.1
Project("{8BC9CEB8-8B4A-11D0-8D11-00A0C91BC942}") = "Samples", "..\Source\Samples\Samples.vcxproj", "{8BDD6AF5-CB1D-4AD6-A5CE-7AC304B28E77}"
EndProject
Project("{8BC9CEB8-8B4A-11D0-8D11-00A0C91BC942}") = "Unique", "..\Source\Unique\Unique.vcxitems", "{D565EC23-5A2B-453C-AA4A-AA6E47320E3E}"
EndProject
Project("{8BC9CEB8-8B4A-11D0-8D11-00A0C91BC942}") = "Unqiue", "Win64\Unqiue.vcxproj", "{CF662A5E-1678-4FB9-8C32-F740DA4D5DAA}"
EndProject
Project("{FAE04EC0-301F-11D3-BF4B-00C04F79EFBC}") = "UniqueStudio", "..\Source\UniqueStudio\UniqueStudio.csproj", "{C871687B-77AA-435C-AA8C-2761540A336F}"
EndProject
Project("{8BC9CEB8-8B4A-11D0-8D11-00A0C91BC942}") = "UniqueBase", "..\Source\UniqueBase\UniqueBase.vcxitems", "{4A6B9A4E-845F-43DB-8292-6EAD5C7630CE}"
EndProject
Project("{8BC9CEB8-8B4A-11D0-8D11-00A0C91BC942}") = "UniqueEngine", "..\Source\UniqueEngine\UniqueEngine.vcxitems", "{4A515684-0697-4834-9D80-8DEEEC14AEB7}"
EndProject
Project("{8BC9CEB8-8B4A-11D0-8D11-00A0C91BC942}") = "UniqueSample", "..\Source\UniqueSample\UniqueSample.vcxproj", "{1F984CB6-33D2-4F90-9E07-1DD5C0B83D8C}"
EndProject
Project("{8BC9CEB8-8B4A-11D0-8D11-00A0C91BC942}") = "Common", "..\build\Common\Common.vcxproj", "{0DA062A7-03F4-3949-B246-A1D29477B7A9}"
EndProject
Project("{2150E333-8FDC-42A3-9474-1A3956D46DE8}") = "Diligent", "Diligent", "{6BB94CB3-DB80-4546-BD48-F0524E8F3568}"
EndProject
Project("{8BC9CEB8-8B4A-11D0-8D11-00A0C91BC942}") = "glew-static", "..\build\External\glew\glew-static.vcxproj", "{27E059B6-4DF4-399F-9DDA-BDC23A4ECA17}"
EndProject
Project("{8BC9CEB8-8B4A-11D0-8D11-00A0C91BC942}") = "GraphicsEngine", "..\build\Graphics\GraphicsEngine\GraphicsEngine.vcxproj", "{9342935D-E398-3B0B-A950-4771E71799E3}"
EndProject
Project("{8BC9CEB8-8B4A-11D0-8D11-00A0C91BC942}") = "GraphicsEngineD3D11-static", "..\build\Graphics\GraphicsEngineD3D11\GraphicsEngineD3D11-static.vcxproj", "{586C598B-BE45-3BA4-B018-85E407995625}"
EndProject
Project("{8BC9CEB8-8B4A-11D0-8D11-00A0C91BC942}") = "GraphicsEngineOpenGL-static", "..\build\Graphics\GraphicsEngineOpenGL\GraphicsEngineOpenGL-static.vcxproj", "{2BD2CF04-A2B3-3047-8D65-6BF520B0162C}"
EndProject
Project("{8BC9CEB8-8B4A-11D0-8D11-00A0C91BC942}") = "GraphicsEngineD3DBase", "..\build\Graphics\GraphicsEngineD3DBase\GraphicsEngineD3DBase.vcxproj", "{ECE85B23-8CD2-395E-A126-1C796E4DFBAF}"
EndProject
Project("{8BC9CEB8-8B4A-11D0-8D11-00A0C91BC942}") = "BasicPlatform", "..\build\Platforms\Basic\BasicPlatform.vcxproj", "{B0AF94FD-4BA9-33B5-A7BB-47C04F30291E}"
EndProject
Project("{8BC9CEB8-8B4A-11D0-8D11-00A0C91BC942}") = "GraphicsTools", "..\build\Graphics\GraphicsTools\GraphicsTools.vcxproj", "{0D76470B-95C0-3C62-BA26-A535E2CBC909}"
EndProject
Project("{8BC9CEB8-8B4A-11D0-8D11-00A0C91BC942}") = "Win32Platform", "..\build\Platforms\Win32\Win32Platform.vcxproj", "{4CCE529C-94EA-3190-9FCC-5FE108ED8766}"
EndProject
Project("{8BC9CEB8-8B4A-11D0-8D11-00A0C91BC942}") = "HLSL2GLSLConverterLib", "..\build\Graphics\HLSL2GLSLConverterLib\HLSL2GLSLConverterLib.vcxproj", "{0DFA07DD-9265-3D09-B1CD-DE88C019E28D}"
EndProject
Global
	GlobalSection(SharedMSBuildProjectFiles) = preSolution
		..\Source\UniqueBase\UniqueBase.vcxitems*{1f984cb6-33d2-4f90-9e07-1dd5c0b83d8c}*SharedItemsImports = 4
		..\Source\UniqueEngine\UniqueEngine.vcxitems*{1f984cb6-33d2-4f90-9e07-1dd5c0b83d8c}*SharedItemsImports = 4
		..\Source\UniqueEngine\UniqueEngine.vcxitems*{4a515684-0697-4834-9d80-8deeec14aeb7}*SharedItemsImports = 9
		..\Source\UniqueBase\UniqueBase.vcxitems*{4a6b9a4e-845f-43db-8292-6ead5c7630ce}*SharedItemsImports = 9
		..\Source\UniqueBase\UniqueBase.vcxitems*{8bdd6af5-cb1d-4ad6-a5ce-7ac304b28e77}*SharedItemsImports = 4
		..\Source\Unique\Unique.vcxitems*{8bdd6af5-cb1d-4ad6-a5ce-7ac304b28e77}*SharedItemsImports = 4
		..\Source\UniqueBase\UniqueBase.vcxitems*{cf662a5e-1678-4fb9-8c32-f740da4d5daa}*SharedItemsImports = 4
		..\Source\Unique\Unique.vcxitems*{cf662a5e-1678-4fb9-8c32-f740da4d5daa}*SharedItemsImports = 4
		..\Source\Unique\Unique.vcxitems*{d565ec23-5a2b-453c-aa4a-aa6e47320e3e}*SharedItemsImports = 9
	EndGlobalSection
	GlobalSection(SolutionConfigurationPlatforms) = preSolution
		Debug|Any CPU = Debug|Any CPU
		Debug|x64 = Debug|x64
		Debug|x86 = Debug|x86
		MinSizeRel|Any CPU = MinSizeRel|Any CPU
		MinSizeRel|x64 = MinSizeRel|x64
		MinSizeRel|x86 = MinSizeRel|x86
		Release|Any CPU = Release|Any CPU
		Release|x64 = Release|x64
		Release|x86 = Release|x86
		RelWithDebInfo|Any CPU = RelWithDebInfo|Any CPU
		RelWithDebInfo|x64 = RelWithDebInfo|x64
		RelWithDebInfo|x86 = RelWithDebInfo|x86
	EndGlobalSection
	GlobalSection(ProjectConfigurationPlatforms) = postSolution
		{8BDD6AF5-CB1D-4AD6-A5CE-7AC304B28E77}.Debug|Any CPU.ActiveCfg = Debug|x64
		{8BDD6AF5-CB1D-4AD6-A5CE-7AC304B28E77}.Debug|x64.ActiveCfg = Debug|x64
		{8BDD6AF5-CB1D-4AD6-A5CE-7AC304B28E77}.Debug|x64.Build.0 = Debug|x64
		{8BDD6AF5-CB1D-4AD6-A5CE-7AC304B28E77}.Debug|x86.ActiveCfg = Debug|x64
		{8BDD6AF5-CB1D-4AD6-A5CE-7AC304B28E77}.MinSizeRel|Any CPU.ActiveCfg = MinSizeRel|x64
		{8BDD6AF5-CB1D-4AD6-A5CE-7AC304B28E77}.MinSizeRel|x64.ActiveCfg = MinSizeRel|x64
		{8BDD6AF5-CB1D-4AD6-A5CE-7AC304B28E77}.MinSizeRel|x64.Build.0 = MinSizeRel|x64
		{8BDD6AF5-CB1D-4AD6-A5CE-7AC304B28E77}.MinSizeRel|x86.ActiveCfg = MinSizeRel|x64
		{8BDD6AF5-CB1D-4AD6-A5CE-7AC304B28E77}.Release|Any CPU.ActiveCfg = Release|x64
		{8BDD6AF5-CB1D-4AD6-A5CE-7AC304B28E77}.Release|x64.ActiveCfg = Release|x64
		{8BDD6AF5-CB1D-4AD6-A5CE-7AC304B28E77}.Release|x64.Build.0 = Release|x64
		{8BDD6AF5-CB1D-4AD6-A5CE-7AC304B28E77}.Release|x86.ActiveCfg = Release|x64
		{8BDD6AF5-CB1D-4AD6-A5CE-7AC304B28E77}.RelWithDebInfo|Any CPU.ActiveCfg = RelWithDebInfo|x64
		{8BDD6AF5-CB1D-4AD6-A5CE-7AC304B28E77}.RelWithDebInfo|x64.ActiveCfg = RelWithDebInfo|x64
		{8BDD6AF5-CB1D-4AD6-A5CE-7AC304B28E77}.RelWithDebInfo|x64.Build.0 = RelWithDebInfo|x64
		{8BDD6AF5-CB1D-4AD6-A5CE-7AC304B28E77}.RelWithDebInfo|x86.ActiveCfg = RelWithDebInfo|x64
		{CF662A5E-1678-4FB9-8C32-F740DA4D5DAA}.Debug|Any CPU.ActiveCfg = Debug|Win32
		{CF662A5E-1678-4FB9-8C32-F740DA4D5DAA}.Debug|x64.ActiveCfg = Debug|x64
		{CF662A5E-1678-4FB9-8C32-F740DA4D5DAA}.Debug|x64.Build.0 = Debug|x64
		{CF662A5E-1678-4FB9-8C32-F740DA4D5DAA}.Debug|x86.ActiveCfg = Debug|Win32
		{CF662A5E-1678-4FB9-8C32-F740DA4D5DAA}.Debug|x86.Build.0 = Debug|Win32
		{CF662A5E-1678-4FB9-8C32-F740DA4D5DAA}.MinSizeRel|Any CPU.ActiveCfg = Release|Win32
		{CF662A5E-1678-4FB9-8C32-F740DA4D5DAA}.MinSizeRel|Any CPU.Build.0 = Release|Win32
		{CF662A5E-1678-4FB9-8C32-F740DA4D5DAA}.MinSizeRel|x64.ActiveCfg = Release|x64
		{CF662A5E-1678-4FB9-8C32-F740DA4D5DAA}.MinSizeRel|x64.Build.0 = Release|x64
		{CF662A5E-1678-4FB9-8C32-F740DA4D5DAA}.MinSizeRel|x86.ActiveCfg = Release|Win32
		{CF662A5E-1678-4FB9-8C32-F740DA4D5DAA}.MinSizeRel|x86.Build.0 = Release|Win32
		{CF662A5E-1678-4FB9-8C32-F740DA4D5DAA}.Release|Any CPU.ActiveCfg = Release|Win32
		{CF662A5E-1678-4FB9-8C32-F740DA4D5DAA}.Release|x64.ActiveCfg = Release|x64
		{CF662A5E-1678-4FB9-8C32-F740DA4D5DAA}.Release|x64.Build.0 = Release|x64
		{CF662A5E-1678-4FB9-8C32-F740DA4D5DAA}.Release|x86.ActiveCfg = Release|Win32
		{CF662A5E-1678-4FB9-8C32-F740DA4D5DAA}.Release|x86.Build.0 = Release|Win32
		{CF662A5E-1678-4FB9-8C32-F740DA4D5DAA}.RelWithDebInfo|Any CPU.ActiveCfg = Release|Win32
		{CF662A5E-1678-4FB9-8C32-F740DA4D5DAA}.RelWithDebInfo|Any CPU.Build.0 = Release|Win32
		{CF662A5E-1678-4FB9-8C32-F740DA4D5DAA}.RelWithDebInfo|x64.ActiveCfg = Release|x64
		{CF662A5E-1678-4FB9-8C32-F740DA4D5DAA}.RelWithDebInfo|x64.Build.0 = Release|x64
		{CF662A5E-1678-4FB9-8C32-F740DA4D5DAA}.RelWithDebInfo|x86.ActiveCfg = Release|Win32
		{CF662A5E-1678-4FB9-8C32-F740DA4D5DAA}.RelWithDebInfo|x86.Build.0 = Release|Win32
		{C871687B-77AA-435C-AA8C-2761540A336F}.Debug|Any CPU.ActiveCfg = Debug|Any CPU
		{C871687B-77AA-435C-AA8C-2761540A336F}.Debug|Any CPU.Build.0 = Debug|Any CPU
		{C871687B-77AA-435C-AA8C-2761540A336F}.Debug|x64.ActiveCfg = Debug|Any CPU
		{C871687B-77AA-435C-AA8C-2761540A336F}.Debug|x64.Build.0 = Debug|Any CPU
		{C871687B-77AA-435C-AA8C-2761540A336F}.Debug|x86.ActiveCfg = Debug|Any CPU
		{C871687B-77AA-435C-AA8C-2761540A336F}.Debug|x86.Build.0 = Debug|Any CPU
		{C871687B-77AA-435C-AA8C-2761540A336F}.MinSizeRel|Any CPU.ActiveCfg = Release|Any CPU
		{C871687B-77AA-435C-AA8C-2761540A336F}.MinSizeRel|Any CPU.Build.0 = Release|Any CPU
		{C871687B-77AA-435C-AA8C-2761540A336F}.MinSizeRel|x64.ActiveCfg = Release|Any CPU
		{C871687B-77AA-435C-AA8C-2761540A336F}.MinSizeRel|x64.Build.0 = Release|Any CPU
		{C871687B-77AA-435C-AA8C-2761540A336F}.MinSizeRel|x86.ActiveCfg = Release|Any CPU
		{C871687B-77AA-435C-AA8C-2761540A336F}.MinSizeRel|x86.Build.0 = Release|Any CPU
		{C871687B-77AA-435C-AA8C-2761540A336F}.Release|Any CPU.ActiveCfg = Release|Any CPU
		{C871687B-77AA-435C-AA8C-2761540A336F}.Release|Any CPU.Build.0 = Release|Any CPU
		{C871687B-77AA-435C-AA8C-2761540A336F}.Release|x64.ActiveCfg = Release|Any CPU
		{C871687B-77AA-435C-AA8C-2761540A336F}.Release|x64.Build.0 = Release|Any CPU
		{C871687B-77AA-435C-AA8C-2761540A336F}.Release|x86.ActiveCfg = Release|Any CPU
		{C871687B-77AA-435C-AA8C-2761540A336F}.Release|x86.Build.0 = Release|Any CPU
		{C871687B-77AA-435C-AA8C-2761540A336F}.RelWithDebInfo|Any CPU.ActiveCfg = Release|Any CPU
		{C871687B-77AA-435C-AA8C-2761540A336F}.RelWithDebInfo|Any CPU.Build.0 = Release|Any CPU
		{C871687B-77AA-435C-AA8C-2761540A336F}.RelWithDebInfo|x64.ActiveCfg = Release|Any CPU
		{C871687B-77AA-435C-AA8C-2761540A336F}.RelWithDebInfo|x64.Build.0 = Release|Any CPU
		{C871687B-77AA-435C-AA8C-2761540A336F}.RelWithDebInfo|x86.ActiveCfg = Release|Any CPU
		{C871687B-77AA-435C-AA8C-2761540A336F}.RelWithDebInfo|x86.Build.0 = Release|Any CPU
		{1F984CB6-33D2-4F90-9E07-1DD5C0B83D8C}.Debug|Any CPU.ActiveCfg = Debug|Win32
		{1F984CB6-33D2-4F90-9E07-1DD5C0B83D8C}.Debug|x64.ActiveCfg = Debug|x64
		{1F984CB6-33D2-4F90-9E07-1DD5C0B83D8C}.Debug|x64.Build.0 = Debug|x64
		{1F984CB6-33D2-4F90-9E07-1DD5C0B83D8C}.Debug|x86.ActiveCfg = Debug|Win32
		{1F984CB6-33D2-4F90-9E07-1DD5C0B83D8C}.Debug|x86.Build.0 = Debug|Win32
		{1F984CB6-33D2-4F90-9E07-1DD5C0B83D8C}.MinSizeRel|Any CPU.ActiveCfg = Release|x64
		{1F984CB6-33D2-4F90-9E07-1DD5C0B83D8C}.MinSizeRel|Any CPU.Build.0 = Release|x64
		{1F984CB6-33D2-4F90-9E07-1DD5C0B83D8C}.MinSizeRel|x64.ActiveCfg = Release|x64
		{1F984CB6-33D2-4F90-9E07-1DD5C0B83D8C}.MinSizeRel|x64.Build.0 = Release|x64
		{1F984CB6-33D2-4F90-9E07-1DD5C0B83D8C}.MinSizeRel|x86.ActiveCfg = Release|Win32
		{1F984CB6-33D2-4F90-9E07-1DD5C0B83D8C}.MinSizeRel|x86.Build.0 = Release|Win32
		{1F984CB6-33D2-4F90-9E07-1DD5C0B83D8C}.Release|Any CPU.ActiveCfg = Release|Win32
		{1F984CB6-33D2-4F90-9E07-1DD5C0B83D8C}.Release|x64.ActiveCfg = Release|x64
		{1F984CB6-33D2-4F90-9E07-1DD5C0B83D8C}.Release|x64.Build.0 = Release|x64
		{1F984CB6-33D2-4F90-9E07-1DD5C0B83D8C}.Release|x86.ActiveCfg = Release|Win32
		{1F984CB6-33D2-4F90-9E07-1DD5C0B83D8C}.Release|x86.Build.0 = Release|Win32
		{1F984CB6-33D2-4F90-9E07-1DD5C0B83D8C}.RelWithDebInfo|Any CPU.ActiveCfg = Release|x64
		{1F984CB6-33D2-4F90-9E07-1DD5C0B83D8C}.RelWithDebInfo|Any CPU.Build.0 = Release|x64
		{1F984CB6-33D2-4F90-9E07-1DD5C0B83D8C}.RelWithDebInfo|x64.ActiveCfg = Release|x64
		{1F984CB6-33D2-4F90-9E07-1DD5C0B83D8C}.RelWithDebInfo|x64.Build.0 = Release|x64
		{1F984CB6-33D2-4F90-9E07-1DD5C0B83D8C}.RelWithDebInfo|x86.ActiveCfg = Release|Win32
		{1F984CB6-33D2-4F90-9E07-1DD5C0B83D8C}.RelWithDebInfo|x86.Build.0 = Release|Win32
		{0DA062A7-03F4-3949-B246-A1D29477B7A9}.Debug|Any CPU.ActiveCfg = Debug|x64
		{0DA062A7-03F4-3949-B246-A1D29477B7A9}.Debug|x64.ActiveCfg = Debug|x64
		{0DA062A7-03F4-3949-B246-A1D29477B7A9}.Debug|x64.Build.0 = Debug|x64
		{0DA062A7-03F4-3949-B246-A1D29477B7A9}.Debug|x86.ActiveCfg = Debug|x64
		{0DA062A7-03F4-3949-B246-A1D29477B7A9}.MinSizeRel|Any CPU.ActiveCfg = MinSizeRel|x64
		{0DA062A7-03F4-3949-B246-A1D29477B7A9}.MinSizeRel|x64.ActiveCfg = MinSizeRel|x64
		{0DA062A7-03F4-3949-B246-A1D29477B7A9}.MinSizeRel|x64.Build.0 = MinSizeRel|x64
		{0DA062A7-03F4-3949-B246-A1D29477B7A9}.MinSizeRel|x86.ActiveCfg = MinSizeRel|x64
		{0DA062A7-03F4-3949-B246-A1D29477B7A9}.Release|Any CPU.ActiveCfg = Release|x64
		{0DA062A7-03F4-3949-B246-A1D29477B7A9}.Release|x64.ActiveCfg = Release|x64
		{0DA062A7-03F4-3949-B246-A1D29477B7A9}.Release|x64.Build.0 = Release|x64
		{0DA062A7-03F4-3949-B246-A1D29477B7A9}.Release|x86.ActiveCfg = Release|x64
		{0DA062A7-03F4-3949-B246-A1D29477B7A9}.RelWithDebInfo|Any CPU.ActiveCfg = RelWithDebInfo|x64
		{0DA062A7-03F4-3949-B246-A1D29477B7A9}.RelWithDebInfo|x64.ActiveCfg = RelWithDebInfo|x64
		{0DA062A7-03F4-3949-B246-A1D29477B7A9}.RelWithDebInfo|x64.Build.0 = RelWithDebInfo|x64
		{0DA062A7-03F4-3949-B246-A1D29477B7A9}.RelWithDebInfo|x86.ActiveCfg = RelWithDebInfo|x64
		{27E059B6-4DF4-399F-9DDA-BDC23A4ECA17}.Debug|Any CPU.ActiveCfg = Debug|x64
		{27E059B6-4DF4-399F-9DDA-BDC23A4ECA17}.Debug|x64.ActiveCfg = Debug|x64
		{27E059B6-4DF4-399F-9DDA-BDC23A4ECA17}.Debug|x64.Build.0 = Debug|x64
		{27E059B6-4DF4-399F-9DDA-BDC23A4ECA17}.Debug|x86.ActiveCfg = Debug|x64
		{27E059B6-4DF4-399F-9DDA-BDC23A4ECA17}.MinSizeRel|Any CPU.ActiveCfg = MinSizeRel|x64
		{27E059B6-4DF4-399F-9DDA-BDC23A4ECA17}.MinSizeRel|x64.ActiveCfg = MinSizeRel|x64
		{27E059B6-4DF4-399F-9DDA-BDC23A4ECA17}.MinSizeRel|x64.Build.0 = MinSizeRel|x64
		{27E059B6-4DF4-399F-9DDA-BDC23A4ECA17}.MinSizeRel|x86.ActiveCfg = MinSizeRel|x64
		{27E059B6-4DF4-399F-9DDA-BDC23A4ECA17}.Release|Any CPU.ActiveCfg = Release|x64
		{27E059B6-4DF4-399F-9DDA-BDC23A4ECA17}.Release|x64.ActiveCfg = Release|x64
		{27E059B6-4DF4-399F-9DDA-BDC23A4ECA17}.Release|x64.Build.0 = Release|x64
		{27E059B6-4DF4-399F-9DDA-BDC23A4ECA17}.Release|x86.ActiveCfg = Release|x64
		{27E059B6-4DF4-399F-9DDA-BDC23A4ECA17}.RelWithDebInfo|Any CPU.ActiveCfg = RelWithDebInfo|x64
		{27E059B6-4DF4-399F-9DDA-BDC23A4ECA17}.RelWithDebInfo|x64.ActiveCfg = RelWithDebInfo|x64
		{27E059B6-4DF4-399F-9DDA-BDC23A4ECA17}.RelWithDebInfo|x64.Build.0 = RelWithDebInfo|x64
		{27E059B6-4DF4-399F-9DDA-BDC23A4ECA17}.RelWithDebInfo|x86.ActiveCfg = RelWithDebInfo|x64
		{9342935D-E398-3B0B-A950-4771E71799E3}.Debug|Any CPU.ActiveCfg = Debug|x64
		{9342935D-E398-3B0B-A950-4771E71799E3}.Debug|x64.ActiveCfg = Debug|x64
		{9342935D-E398-3B0B-A950-4771E71799E3}.Debug|x64.Build.0 = Debug|x64
		{9342935D-E398-3B0B-A950-4771E71799E3}.Debug|x86.ActiveCfg = Debug|x64
		{9342935D-E398-3B0B-A950-4771E71799E3}.MinSizeRel|Any CPU.ActiveCfg = MinSizeRel|x64
		{9342935D-E398-3B0B-A950-4771E71799E3}.MinSizeRel|x64.ActiveCfg = MinSizeRel|x64
		{9342935D-E398-3B0B-A950-4771E71799E3}.MinSizeRel|x64.Build.0 = MinSizeRel|x64
		{9342935D-E398-3B0B-A950-4771E71799E3}.MinSizeRel|x86.ActiveCfg = MinSizeRel|x64
		{9342935D-E398-3B0B-A950-4771E71799E3}.Release|Any CPU.ActiveCfg = Release|x64
		{9342935D-E398-3B0B-A950-4771E71799E3}.Release|x64.ActiveCfg = Release|x64
		{9342935D-E398-3B0B-A950-4771E71799E3}.Release|x64.Build.0 = Release|x64
		{9342935D-E398-3B0B-A950-4771E71799E3}.Release|x86.ActiveCfg = Release|x64
		{9342935D-E398-3B0B-A950-4771E71799E3}.RelWithDebInfo|Any CPU.ActiveCfg = RelWithDebInfo|x64
		{9342935D-E398-3B0B-A950-4771E71799E3}.RelWithDebInfo|x64.ActiveCfg = RelWithDebInfo|x64
		{9342935D-E398-3B0B-A950-4771E71799E3}.RelWithDebInfo|x64.Build.0 = RelWithDebInfo|x64
		{9342935D-E398-3B0B-A950-4771E71799E3}.RelWithDebInfo|x86.ActiveCfg = RelWithDebInfo|x64
		{586C598B-BE45-3BA4-B018-85E407995625}.Debug|Any CPU.ActiveCfg = Debug|x64
		{586C598B-BE45-3BA4-B018-85E407995625}.Debug|x64.ActiveCfg = Debug|x64
		{586C598B-BE45-3BA4-B018-85E407995625}.Debug|x64.Build.0 = Debug|x64
		{586C598B-BE45-3BA4-B018-85E407995625}.Debug|x86.ActiveCfg = Debug|x64
		{586C598B-BE45-3BA4-B018-85E407995625}.MinSizeRel|Any CPU.ActiveCfg = MinSizeRel|x64
		{586C598B-BE45-3BA4-B018-85E407995625}.MinSizeRel|x64.ActiveCfg = MinSizeRel|x64
		{586C598B-BE45-3BA4-B018-85E407995625}.MinSizeRel|x64.Build.0 = MinSizeRel|x64
		{586C598B-BE45-3BA4-B018-85E407995625}.MinSizeRel|x86.ActiveCfg = MinSizeRel|x64
		{586C598B-BE45-3BA4-B018-85E407995625}.Release|Any CPU.ActiveCfg = Release|x64
		{586C598B-BE45-3BA4-B018-85E407995625}.Release|x64.ActiveCfg = Release|x64
		{586C598B-BE45-3BA4-B018-85E407995625}.Release|x64.Build.0 = Release|x64
		{586C598B-BE45-3BA4-B018-85E407995625}.Release|x86.ActiveCfg = Release|x64
		{586C598B-BE45-3BA4-B018-85E407995625}.RelWithDebInfo|Any CPU.ActiveCfg = RelWithDebInfo|x64
		{586C598B-BE45-3BA4-B018-85E407995625}.RelWithDebInfo|x64.ActiveCfg = RelWithDebInfo|x64
		{586C598B-BE45-3BA4-B018-85E407995625}.RelWithDebInfo|x64.Build.0 = RelWithDebInfo|x64
		{586C598B-BE45-3BA4-B018-85E407995625}.RelWithDebInfo|x86.ActiveCfg = RelWithDebInfo|x64
		{2BD2CF04-A2B3-3047-8D65-6BF520B0162C}.Debug|Any CPU.ActiveCfg = Debug|x64
		{2BD2CF04-A2B3-3047-8D65-6BF520B0162C}.Debug|x64.ActiveCfg = Debug|x64
		{2BD2CF04-A2B3-3047-8D65-6BF520B0162C}.Debug|x64.Build.0 = Debug|x64
		{2BD2CF04-A2B3-3047-8D65-6BF520B0162C}.Debug|x86.ActiveCfg = Debug|x64
		{2BD2CF04-A2B3-3047-8D65-6BF520B0162C}.MinSizeRel|Any CPU.ActiveCfg = MinSizeRel|x64
		{2BD2CF04-A2B3-3047-8D65-6BF520B0162C}.MinSizeRel|x64.ActiveCfg = MinSizeRel|x64
		{2BD2CF04-A2B3-3047-8D65-6BF520B0162C}.MinSizeRel|x64.Build.0 = MinSizeRel|x64
		{2BD2CF04-A2B3-3047-8D65-6BF520B0162C}.MinSizeRel|x86.ActiveCfg = MinSizeRel|x64
		{2BD2CF04-A2B3-3047-8D65-6BF520B0162C}.Release|Any CPU.ActiveCfg = Release|x64
		{2BD2CF04-A2B3-3047-8D65-6BF520B0162C}.Release|x64.ActiveCfg = Release|x64
		{2BD2CF04-A2B3-3047-8D65-6BF520B0162C}.Release|x64.Build.0 = Release|x64
		{2BD2CF04-A2B3-3047-8D65-6BF520B0162C}.Release|x86.ActiveCfg = Release|x64
		{2BD2CF04-A2B3-3047-8D65-6BF520B0162C}.RelWithDebInfo|Any CPU.ActiveCfg = RelWithDebInfo|x64
		{2BD2CF04-A2B3-3047-8D65-6BF520B0162C}.RelWithDebInfo|x64.ActiveCfg = RelWithDebInfo|x64
		{2BD2CF04-A2B3-3047-8D65-6BF520B0162C}.RelWithDebInfo|x64.Build.0 = RelWithDebInfo|x64
		{2BD2CF04-A2B3-3047-8D65-6BF520B0162C}.RelWithDebInfo|x86.ActiveCfg = RelWithDebInfo|x64
		{ECE85B23-8CD2-395E-A126-1C796E4DFBAF}.Debug|Any CPU.ActiveCfg = Debug|x64
		{ECE85B23-8CD2-395E-A126-1C796E4DFBAF}.Debug|x64.ActiveCfg = Debug|x64
		{ECE85B23-8CD2-395E-A126-1C796E4DFBAF}.Debug|x64.Build.0 = Debug|x64
		{ECE85B23-8CD2-395E-A126-1C796E4DFBAF}.Debug|x86.ActiveCfg = Debug|x64
		{ECE85B23-8CD2-395E-A126-1C796E4DFBAF}.MinSizeRel|Any CPU.ActiveCfg = MinSizeRel|x64
		{ECE85B23-8CD2-395E-A126-1C796E4DFBAF}.MinSizeRel|x64.ActiveCfg = MinSizeRel|x64
		{ECE85B23-8CD2-395E-A126-1C796E4DFBAF}.MinSizeRel|x64.Build.0 = MinSizeRel|x64
		{ECE85B23-8CD2-395E-A126-1C796E4DFBAF}.MinSizeRel|x86.ActiveCfg = MinSizeRel|x64
		{ECE85B23-8CD2-395E-A126-1C796E4DFBAF}.Release|Any CPU.ActiveCfg = Release|x64
		{ECE85B23-8CD2-395E-A126-1C796E4DFBAF}.Release|x64.ActiveCfg = Release|x64
		{ECE85B23-8CD2-395E-A126-1C796E4DFBAF}.Release|x64.Build.0 = Release|x64
		{ECE85B23-8CD2-395E-A126-1C796E4DFBAF}.Release|x86.ActiveCfg = Release|x64
		{ECE85B23-8CD2-395E-A126-1C796E4DFBAF}.RelWithDebInfo|Any CPU.ActiveCfg = RelWithDebInfo|x64
		{ECE85B23-8CD2-395E-A126-1C796E4DFBAF}.RelWithDebInfo|x64.ActiveCfg = RelWithDebInfo|x64
		{ECE85B23-8CD2-395E-A126-1C796E4DFBAF}.RelWithDebInfo|x64.Build.0 = RelWithDebInfo|x64
		{ECE85B23-8CD2-395E-A126-1C796E4DFBAF}.RelWithDebInfo|x86.ActiveCfg = RelWithDebInfo|x64
		{B0AF94FD-4BA9-33B5-A7BB-47C04F30291E}.Debug|Any CPU.ActiveCfg = Debug|x64
		{B0AF94FD-4BA9-33B5-A7BB-47C04F30291E}.Debug|x64.ActiveCfg = Debug|x64
		{B0AF94FD-4BA9-33B5-A7BB-47C04F30291E}.Debug|x64.Build.0 = Debug|x64
		{B0AF94FD-4BA9-33B5-A7BB-47C04F30291E}.Debug|x86.ActiveCfg = Debug|x64
		{B0AF94FD-4BA9-33B5-A7BB-47C04F30291E}.MinSizeRel|Any CPU.ActiveCfg = MinSizeRel|x64
		{B0AF94FD-4BA9-33B5-A7BB-47C04F30291E}.MinSizeRel|x64.ActiveCfg = MinSizeRel|x64
		{B0AF94FD-4BA9-33B5-A7BB-47C04F30291E}.MinSizeRel|x64.Build.0 = MinSizeRel|x64
		{B0AF94FD-4BA9-33B5-A7BB-47C04F30291E}.MinSizeRel|x86.ActiveCfg = MinSizeRel|x64
		{B0AF94FD-4BA9-33B5-A7BB-47C04F30291E}.Release|Any CPU.ActiveCfg = Release|x64
		{B0AF94FD-4BA9-33B5-A7BB-47C04F30291E}.Release|x64.ActiveCfg = Release|x64
		{B0AF94FD-4BA9-33B5-A7BB-47C04F30291E}.Release|x64.Build.0 = Release|x64
		{B0AF94FD-4BA9-33B5-A7BB-47C04F30291E}.Release|x86.ActiveCfg = Release|x64
		{B0AF94FD-4BA9-33B5-A7BB-47C04F30291E}.RelWithDebInfo|Any CPU.ActiveCfg = RelWithDebInfo|x64
		{B0AF94FD-4BA9-33B5-A7BB-47C04F30291E}.RelWithDebInfo|x64.ActiveCfg = RelWithDebInfo|x64
		{B0AF94FD-4BA9-33B5-A7BB-47C04F30291E}.RelWithDebInfo|x64.Build.0 = RelWithDebInfo|x64
		{B0AF94FD-4BA9-33B5-A7BB-47C04F30291E}.RelWithDebInfo|x86.ActiveCfg = RelWithDebInfo|x64
		{0D76470B-95C0-3C62-BA26-A535E2CBC909}.Debug|Any CPU.ActiveCfg = Debug|x64
		{0D76470B-95C0-3C62-BA26-A535E2CBC909}.Debug|x64.ActiveCfg = Debug|x64
		{0D76470B-95C0-3C62-BA26-A535E2CBC909}.Debug|x64.Build.0 = Debug|x64
		{0D76470B-95C0-3C62-BA26-A535E2CBC909}.Debug|x86.ActiveCfg = Debug|x64
		{0D76470B-95C0-3C62-BA26-A535E2CBC909}.MinSizeRel|Any CPU.ActiveCfg = MinSizeRel|x64
		{0D76470B-95C0-3C62-BA26-A535E2CBC909}.MinSizeRel|x64.ActiveCfg = MinSizeRel|x64
		{0D76470B-95C0-3C62-BA26-A535E2CBC909}.MinSizeRel|x64.Build.0 = MinSizeRel|x64
		{0D76470B-95C0-3C62-BA26-A535E2CBC909}.MinSizeRel|x86.ActiveCfg = MinSizeRel|x64
		{0D76470B-95C0-3C62-BA26-A535E2CBC909}.Release|Any CPU.ActiveCfg = Release|x64
		{0D76470B-95C0-3C62-BA26-A535E2CBC909}.Release|x64.ActiveCfg = Release|x64
		{0D76470B-95C0-3C62-BA26-A535E2CBC909}.Release|x64.Build.0 = Release|x64
		{0D76470B-95C0-3C62-BA26-A535E2CBC909}.Release|x86.ActiveCfg = Release|x64
		{0D76470B-95C0-3C62-BA26-A535E2CBC909}.RelWithDebInfo|Any CPU.ActiveCfg = RelWithDebInfo|x64
		{0D76470B-95C0-3C62-BA26-A535E2CBC909}.RelWithDebInfo|x64.ActiveCfg = RelWithDebInfo|x64
		{0D76470B-95C0-3C62-BA26-A535E2CBC909}.RelWithDebInfo|x64.Build.0 = RelWithDebInfo|x64
		{0D76470B-95C0-3C62-BA26-A535E2CBC909}.RelWithDebInfo|x86.ActiveCfg = RelWithDebInfo|x64
		{4CCE529C-94EA-3190-9FCC-5FE108ED8766}.Debug|Any CPU.ActiveCfg = Debug|x64
		{4CCE529C-94EA-3190-9FCC-5FE108ED8766}.Debug|x64.ActiveCfg = Debug|x64
		{4CCE529C-94EA-3190-9FCC-5FE108ED8766}.Debug|x64.Build.0 = Debug|x64
		{4CCE529C-94EA-3190-9FCC-5FE108ED8766}.Debug|x86.ActiveCfg = Debug|x64
		{4CCE529C-94EA-3190-9FCC-5FE108ED8766}.MinSizeRel|Any CPU.ActiveCfg = MinSizeRel|x64
		{4CCE529C-94EA-3190-9FCC-5FE108ED8766}.MinSizeRel|x64.ActiveCfg = MinSizeRel|x64
		{4CCE529C-94EA-3190-9FCC-5FE108ED8766}.MinSizeRel|x64.Build.0 = MinSizeRel|x64
		{4CCE529C-94EA-3190-9FCC-5FE108ED8766}.MinSizeRel|x86.ActiveCfg = MinSizeRel|x64
		{4CCE529C-94EA-3190-9FCC-5FE108ED8766}.Release|Any CPU.ActiveCfg = Release|x64
		{4CCE529C-94EA-3190-9FCC-5FE108ED8766}.Release|x64.ActiveCfg = Release|x64
		{4CCE529C-94EA-3190-9FCC-5FE108ED8766}.Release|x64.Build.0 = Release|x64
		{4CCE529C-94EA-3190-9FCC-5FE108ED8766}.Release|x86.ActiveCfg = Release|x64
		{4CCE529C-94EA-3190-9FCC-5FE108ED8766}.RelWithDebInfo|Any CPU.ActiveCfg = RelWithDebInfo|x64
		{4CCE529C-94EA-3190-9FCC-5FE108ED8766}.RelWithDebInfo|x64.ActiveCfg = RelWithDebInfo|x64
		{4CCE529C-94EA-3190-9FCC-5FE108ED8766}.RelWithDebInfo|x64.Build.0 = RelWithDebInfo|x64
		{4CCE529C-94EA-3190-9FCC-5FE108ED8766}.RelWithDebInfo|x86.ActiveCfg = RelWithDebInfo|x64
		{0DFA07DD-9265-3D09-B1CD-DE88C019E28D}.Debug|Any CPU.ActiveCfg = Debug|x64
		{0DFA07DD-9265-3D09-B1CD-DE88C019E28D}.Debug|x64.ActiveCfg = Debug|x64
		{0DFA07DD-9265-3D09-B1CD-DE88C019E28D}.Debug|x64.Build.0 = Debug|x64
		{0DFA07DD-9265-3D09-B1CD-DE88C019E28D}.Debug|x86.ActiveCfg = Debug|x64
		{0DFA07DD-9265-3D09-B1CD-DE88C019E28D}.MinSizeRel|Any CPU.ActiveCfg = MinSizeRel|x64
		{0DFA07DD-9265-3D09-B1CD-DE88C019E28D}.MinSizeRel|x64.ActiveCfg = MinSizeRel|x64
		{0DFA07DD-9265-3D09-B1CD-DE88C019E28D}.MinSizeRel|x64.Build.0 = MinSizeRel|x64
		{0DFA07DD-9265-3D09-B1CD-DE88C019E28D}.MinSizeRel|x86.ActiveCfg = MinSizeRel|x64
		{0DFA07DD-9265-3D09-B1CD-DE88C019E28D}.Release|Any CPU.ActiveCfg = Release|x64
		{0DFA07DD-9265-3D09-B1CD-DE88C019E28D}.Release|x64.ActiveCfg = Release|x64
		{0DFA07DD-9265-3D09-B1CD-DE88C019E28D}.Release|x64.Build.0 = Release|x64
		{0DFA07DD-9265-3D09-B1CD-DE88C019E28D}.Release|x86.ActiveCfg = Release|x64
		{0DFA07DD-9265-3D09-B1CD-DE88C019E28D}.RelWithDebInfo|Any CPU.ActiveCfg = RelWithDebInfo|x64
		{0DFA07DD-9265-3D09-B1CD-DE88C019E28D}.RelWithDebInfo|x64.ActiveCfg = RelWithDebInfo|x64
		{0DFA07DD-9265-3D09-B1CD-DE88C019E28D}.RelWithDebInfo|x64.Build.0 = RelWithDebInfo|x64
		{0DFA07DD-9265-3D09-B1CD-DE88C019E28D}.RelWithDebInfo|x86.ActiveCfg = RelWithDebInfo|x64
	EndGlobalSection
	GlobalSection(SolutionProperties) = preSolution
		HideSolutionNode = FALSE
	EndGlobalSection
	GlobalSection(NestedProjects) = preSolution
		{0DA062A7-03F4-3949-B246-A1D29477B7A9} = {6BB94CB3-DB80-4546-BD48-F0524E8F3568}
		{27E059B6-4DF4-399F-9DDA-BDC23A4ECA17} = {6BB94CB3-DB80-4546-BD48-F0524E8F3568}
		{9342935D-E398-3B0B-A950-4771E71799E3} = {6BB94CB3-DB80-4546-BD48-F0524E8F3568}
		{586C598B-BE45-3BA4-B018-85E407995625} = {6BB94CB3-DB80-4546-BD48-F0524E8F3568}
		{2BD2CF04-A2B3-3047-8D65-6BF520B0162C} = {6BB94CB3-DB80-4546-BD48-F0524E8F3568}
		{ECE85B23-8CD2-395E-A126-1C796E4DFBAF} = {6BB94CB3-DB80-4546-BD48-F0524E8F3568}
		{B0AF94FD-4BA9-33B5-A7BB-47C04F30291E} = {6BB94CB3-DB80-4546-BD48-F0524E8F3568}
		{0D76470B-95C0-3C62-BA26-A535E2CBC909} = {6BB94CB3-DB80-4546-BD48-F0524E8F3568}
		{4CCE529C-94EA-3190-9FCC-5FE108ED8766} = {6BB94CB3-DB80-4546-BD48-F0524E8F3568}
		{0DFA07DD-9265-3D09-B1CD-DE88C019E28D} = {6BB94CB3-DB80-4546-BD48-F0524E8F3568}
	EndGlobalSection
	GlobalSection(ExtensibilityGlobals) = postSolution
		SolutionGuid = {F509616D-6277-4639-B372-C51D63F3E44D}
	EndGlobalSection
EndGlobal
