
Microsoft Visual Studio Solution File, Format Version 12.00
# Visual Studio 15
VisualStudioVersion = 15.0.26730.12
MinimumVisualStudioVersion = 10.0.40219.1
Project("{8BC9CEB8-8B4A-11D0-8D11-00A0C91BC942}") = "Samples", "..\Source\Samples\Samples.vcxproj", "{8BDD6AF5-CB1D-4AD6-A5CE-7AC304B28E77}"
EndProject
Project("{8BC9CEB8-8B4A-11D0-8D11-00A0C91BC942}") = "Unique", "..\Source\Unique\Unique.vcxitems", "{D565EC23-5A2B-453C-AA4A-AA6E47320E3E}"
EndProject
Project("{8BC9CEB8-8B4A-11D0-8D11-00A0C91BC942}") = "LLGL", "..\build\LLGL.vcxproj", "{F1F7322B-C687-3468-AE90-6002CE558051}"
EndProject
Project("{8BC9CEB8-8B4A-11D0-8D11-00A0C91BC942}") = "LLGL_Direct3D11", "..\build\LLGL_Direct3D11.vcxproj", "{7AFB56CC-5318-37D0-B64A-EAE24B388DD2}"
EndProject
Project("{8BC9CEB8-8B4A-11D0-8D11-00A0C91BC942}") = "LLGL_OpenGL", "..\build\LLGL_OpenGL.vcxproj", "{3218BFD2-AFD7-3960-B675-F76476214CD4}"
EndProject
Project("{8BC9CEB8-8B4A-11D0-8D11-00A0C91BC942}") = "Unqiue", "Win64\Unqiue.vcxproj", "{CF662A5E-1678-4FB9-8C32-F740DA4D5DAA}"
EndProject
Project("{FAE04EC0-301F-11D3-BF4B-00C04F79EFBC}") = "UniqueStudio", "..\Source\UniqueStudio\UniqueStudio.csproj", "{C871687B-77AA-435C-AA8C-2761540A336F}"
EndProject
Project("{9A19103F-16F7-4668-BE54-9A1E7A4F7556}") = "UniqueEngine", "..\Source\UniqueEngine\UniqueEngine.csproj", "{991E3FEA-21E5-424C-83EE-B8ADEFE52472}"
EndProject
Global
	GlobalSection(SharedMSBuildProjectFiles) = preSolution
		..\Source\Unique\Unique.vcxitems*{8bdd6af5-cb1d-4ad6-a5ce-7ac304b28e77}*SharedItemsImports = 4
		..\Source\Unique\Unique.vcxitems*{cf662a5e-1678-4fb9-8c32-f740da4d5daa}*SharedItemsImports = 4
		..\Source\Unique\Unique.vcxitems*{d565ec23-5a2b-453c-aa4a-aa6e47320e3e}*SharedItemsImports = 9
	EndGlobalSection
	GlobalSection(SolutionConfigurationPlatforms) = preSolution
		Debug|Any CPU = Debug|Any CPU
		Debug|x64 = Debug|x64
		Debug|x86 = Debug|x86
		MinSizeRel|Any CPU = MinSizeRel|Any CPU
		MinSizeRel|x64 = MinSizeRel|x64
		MinSizeRel|x86 = MinSizeRel|x86
		Release|Any CPU = Release|Any CPU
		Release|x64 = Release|x64
		Release|x86 = Release|x86
		RelWithDebInfo|Any CPU = RelWithDebInfo|Any CPU
		RelWithDebInfo|x64 = RelWithDebInfo|x64
		RelWithDebInfo|x86 = RelWithDebInfo|x86
	EndGlobalSection
	GlobalSection(ProjectConfigurationPlatforms) = postSolution
		{8BDD6AF5-CB1D-4AD6-A5CE-7AC304B28E77}.Debug|Any CPU.ActiveCfg = Debug|x64
		{8BDD6AF5-CB1D-4AD6-A5CE-7AC304B28E77}.Debug|x64.ActiveCfg = Debug|x64
		{8BDD6AF5-CB1D-4AD6-A5CE-7AC304B28E77}.Debug|x64.Build.0 = Debug|x64
		{8BDD6AF5-CB1D-4AD6-A5CE-7AC304B28E77}.Debug|x86.ActiveCfg = Debug|x64
		{8BDD6AF5-CB1D-4AD6-A5CE-7AC304B28E77}.MinSizeRel|Any CPU.ActiveCfg = MinSizeRel|x64
		{8BDD6AF5-CB1D-4AD6-A5CE-7AC304B28E77}.MinSizeRel|x64.ActiveCfg = MinSizeRel|x64
		{8BDD6AF5-CB1D-4AD6-A5CE-7AC304B28E77}.MinSizeRel|x64.Build.0 = MinSizeRel|x64
		{8BDD6AF5-CB1D-4AD6-A5CE-7AC304B28E77}.MinSizeRel|x86.ActiveCfg = MinSizeRel|x64
		{8BDD6AF5-CB1D-4AD6-A5CE-7AC304B28E77}.Release|Any CPU.ActiveCfg = Release|x64
		{8BDD6AF5-CB1D-4AD6-A5CE-7AC304B28E77}.Release|x64.ActiveCfg = Release|x64
		{8BDD6AF5-CB1D-4AD6-A5CE-7AC304B28E77}.Release|x64.Build.0 = Release|x64
		{8BDD6AF5-CB1D-4AD6-A5CE-7AC304B28E77}.Release|x86.ActiveCfg = Release|x64
		{8BDD6AF5-CB1D-4AD6-A5CE-7AC304B28E77}.RelWithDebInfo|Any CPU.ActiveCfg = RelWithDebInfo|x64
		{8BDD6AF5-CB1D-4AD6-A5CE-7AC304B28E77}.RelWithDebInfo|x64.ActiveCfg = RelWithDebInfo|x64
		{8BDD6AF5-CB1D-4AD6-A5CE-7AC304B28E77}.RelWithDebInfo|x64.Build.0 = RelWithDebInfo|x64
		{8BDD6AF5-CB1D-4AD6-A5CE-7AC304B28E77}.RelWithDebInfo|x86.ActiveCfg = RelWithDebInfo|x64
		{F1F7322B-C687-3468-AE90-6002CE558051}.Debug|Any CPU.ActiveCfg = Debug|x64
		{F1F7322B-C687-3468-AE90-6002CE558051}.Debug|x64.ActiveCfg = Debug|x64
		{F1F7322B-C687-3468-AE90-6002CE558051}.Debug|x64.Build.0 = Debug|x64
		{F1F7322B-C687-3468-AE90-6002CE558051}.Debug|x86.ActiveCfg = Debug|x64
		{F1F7322B-C687-3468-AE90-6002CE558051}.MinSizeRel|Any CPU.ActiveCfg = MinSizeRel|x64
		{F1F7322B-C687-3468-AE90-6002CE558051}.MinSizeRel|x64.ActiveCfg = MinSizeRel|x64
		{F1F7322B-C687-3468-AE90-6002CE558051}.MinSizeRel|x64.Build.0 = MinSizeRel|x64
		{F1F7322B-C687-3468-AE90-6002CE558051}.MinSizeRel|x86.ActiveCfg = MinSizeRel|x64
		{F1F7322B-C687-3468-AE90-6002CE558051}.Release|Any CPU.ActiveCfg = Release|x64
		{F1F7322B-C687-3468-AE90-6002CE558051}.Release|x64.ActiveCfg = Release|x64
		{F1F7322B-C687-3468-AE90-6002CE558051}.Release|x64.Build.0 = Release|x64
		{F1F7322B-C687-3468-AE90-6002CE558051}.Release|x86.ActiveCfg = Release|x64
		{F1F7322B-C687-3468-AE90-6002CE558051}.RelWithDebInfo|Any CPU.ActiveCfg = RelWithDebInfo|x64
		{F1F7322B-C687-3468-AE90-6002CE558051}.RelWithDebInfo|x64.ActiveCfg = RelWithDebInfo|x64
		{F1F7322B-C687-3468-AE90-6002CE558051}.RelWithDebInfo|x64.Build.0 = RelWithDebInfo|x64
		{F1F7322B-C687-3468-AE90-6002CE558051}.RelWithDebInfo|x86.ActiveCfg = RelWithDebInfo|x64
		{7AFB56CC-5318-37D0-B64A-EAE24B388DD2}.Debug|Any CPU.ActiveCfg = Debug|x64
		{7AFB56CC-5318-37D0-B64A-EAE24B388DD2}.Debug|x64.ActiveCfg = Debug|x64
		{7AFB56CC-5318-37D0-B64A-EAE24B388DD2}.Debug|x64.Build.0 = Debug|x64
		{7AFB56CC-5318-37D0-B64A-EAE24B388DD2}.Debug|x86.ActiveCfg = Debug|x64
		{7AFB56CC-5318-37D0-B64A-EAE24B388DD2}.MinSizeRel|Any CPU.ActiveCfg = MinSizeRel|x64
		{7AFB56CC-5318-37D0-B64A-EAE24B388DD2}.MinSizeRel|x64.ActiveCfg = MinSizeRel|x64
		{7AFB56CC-5318-37D0-B64A-EAE24B388DD2}.MinSizeRel|x64.Build.0 = MinSizeRel|x64
		{7AFB56CC-5318-37D0-B64A-EAE24B388DD2}.MinSizeRel|x86.ActiveCfg = MinSizeRel|x64
		{7AFB56CC-5318-37D0-B64A-EAE24B388DD2}.Release|Any CPU.ActiveCfg = Release|x64
		{7AFB56CC-5318-37D0-B64A-EAE24B388DD2}.Release|x64.ActiveCfg = Release|x64
		{7AFB56CC-5318-37D0-B64A-EAE24B388DD2}.Release|x64.Build.0 = Release|x64
		{7AFB56CC-5318-37D0-B64A-EAE24B388DD2}.Release|x86.ActiveCfg = Release|x64
		{7AFB56CC-5318-37D0-B64A-EAE24B388DD2}.RelWithDebInfo|Any CPU.ActiveCfg = RelWithDebInfo|x64
		{7AFB56CC-5318-37D0-B64A-EAE24B388DD2}.RelWithDebInfo|x64.ActiveCfg = RelWithDebInfo|x64
		{7AFB56CC-5318-37D0-B64A-EAE24B388DD2}.RelWithDebInfo|x64.Build.0 = RelWithDebInfo|x64
		{7AFB56CC-5318-37D0-B64A-EAE24B388DD2}.RelWithDebInfo|x86.ActiveCfg = RelWithDebInfo|x64
		{3218BFD2-AFD7-3960-B675-F76476214CD4}.Debug|Any CPU.ActiveCfg = Debug|x64
		{3218BFD2-AFD7-3960-B675-F76476214CD4}.Debug|x64.ActiveCfg = Debug|x64
		{3218BFD2-AFD7-3960-B675-F76476214CD4}.Debug|x64.Build.0 = Debug|x64
		{3218BFD2-AFD7-3960-B675-F76476214CD4}.Debug|x86.ActiveCfg = Debug|x64
		{3218BFD2-AFD7-3960-B675-F76476214CD4}.MinSizeRel|Any CPU.ActiveCfg = MinSizeRel|x64
		{3218BFD2-AFD7-3960-B675-F76476214CD4}.MinSizeRel|x64.ActiveCfg = MinSizeRel|x64
		{3218BFD2-AFD7-3960-B675-F76476214CD4}.MinSizeRel|x64.Build.0 = MinSizeRel|x64
		{3218BFD2-AFD7-3960-B675-F76476214CD4}.MinSizeRel|x86.ActiveCfg = MinSizeRel|x64
		{3218BFD2-AFD7-3960-B675-F76476214CD4}.Release|Any CPU.ActiveCfg = Release|x64
		{3218BFD2-AFD7-3960-B675-F76476214CD4}.Release|x64.ActiveCfg = Release|x64
		{3218BFD2-AFD7-3960-B675-F76476214CD4}.Release|x64.Build.0 = Release|x64
		{3218BFD2-AFD7-3960-B675-F76476214CD4}.Release|x86.ActiveCfg = Release|x64
		{3218BFD2-AFD7-3960-B675-F76476214CD4}.RelWithDebInfo|Any CPU.ActiveCfg = RelWithDebInfo|x64
		{3218BFD2-AFD7-3960-B675-F76476214CD4}.RelWithDebInfo|x64.ActiveCfg = RelWithDebInfo|x64
		{3218BFD2-AFD7-3960-B675-F76476214CD4}.RelWithDebInfo|x64.Build.0 = RelWithDebInfo|x64
		{3218BFD2-AFD7-3960-B675-F76476214CD4}.RelWithDebInfo|x86.ActiveCfg = RelWithDebInfo|x64
		{CF662A5E-1678-4FB9-8C32-F740DA4D5DAA}.Debug|Any CPU.ActiveCfg = Debug|Win32
		{CF662A5E-1678-4FB9-8C32-F740DA4D5DAA}.Debug|x64.ActiveCfg = Debug|x64
		{CF662A5E-1678-4FB9-8C32-F740DA4D5DAA}.Debug|x64.Build.0 = Debug|x64
		{CF662A5E-1678-4FB9-8C32-F740DA4D5DAA}.Debug|x86.ActiveCfg = Debug|Win32
		{CF662A5E-1678-4FB9-8C32-F740DA4D5DAA}.Debug|x86.Build.0 = Debug|Win32
		{CF662A5E-1678-4FB9-8C32-F740DA4D5DAA}.MinSizeRel|Any CPU.ActiveCfg = Release|Win32
		{CF662A5E-1678-4FB9-8C32-F740DA4D5DAA}.MinSizeRel|Any CPU.Build.0 = Release|Win32
		{CF662A5E-1678-4FB9-8C32-F740DA4D5DAA}.MinSizeRel|x64.ActiveCfg = Release|x64
		{CF662A5E-1678-4FB9-8C32-F740DA4D5DAA}.MinSizeRel|x64.Build.0 = Release|x64
		{CF662A5E-1678-4FB9-8C32-F740DA4D5DAA}.MinSizeRel|x86.ActiveCfg = Release|Win32
		{CF662A5E-1678-4FB9-8C32-F740DA4D5DAA}.MinSizeRel|x86.Build.0 = Release|Win32
		{CF662A5E-1678-4FB9-8C32-F740DA4D5DAA}.Release|Any CPU.ActiveCfg = Release|Win32
		{CF662A5E-1678-4FB9-8C32-F740DA4D5DAA}.Release|x64.ActiveCfg = Release|x64
		{CF662A5E-1678-4FB9-8C32-F740DA4D5DAA}.Release|x64.Build.0 = Release|x64
		{CF662A5E-1678-4FB9-8C32-F740DA4D5DAA}.Release|x86.ActiveCfg = Release|Win32
		{CF662A5E-1678-4FB9-8C32-F740DA4D5DAA}.Release|x86.Build.0 = Release|Win32
		{CF662A5E-1678-4FB9-8C32-F740DA4D5DAA}.RelWithDebInfo|Any CPU.ActiveCfg = Release|Win32
		{CF662A5E-1678-4FB9-8C32-F740DA4D5DAA}.RelWithDebInfo|Any CPU.Build.0 = Release|Win32
		{CF662A5E-1678-4FB9-8C32-F740DA4D5DAA}.RelWithDebInfo|x64.ActiveCfg = Release|x64
		{CF662A5E-1678-4FB9-8C32-F740DA4D5DAA}.RelWithDebInfo|x64.Build.0 = Release|x64
		{CF662A5E-1678-4FB9-8C32-F740DA4D5DAA}.RelWithDebInfo|x86.ActiveCfg = Release|Win32
		{CF662A5E-1678-4FB9-8C32-F740DA4D5DAA}.RelWithDebInfo|x86.Build.0 = Release|Win32
		{C871687B-77AA-435C-AA8C-2761540A336F}.Debug|Any CPU.ActiveCfg = Debug|Any CPU
		{C871687B-77AA-435C-AA8C-2761540A336F}.Debug|Any CPU.Build.0 = Debug|Any CPU
		{C871687B-77AA-435C-AA8C-2761540A336F}.Debug|x64.ActiveCfg = Debug|Any CPU
		{C871687B-77AA-435C-AA8C-2761540A336F}.Debug|x64.Build.0 = Debug|Any CPU
		{C871687B-77AA-435C-AA8C-2761540A336F}.Debug|x86.ActiveCfg = Debug|Any CPU
		{C871687B-77AA-435C-AA8C-2761540A336F}.Debug|x86.Build.0 = Debug|Any CPU
		{C871687B-77AA-435C-AA8C-2761540A336F}.MinSizeRel|Any CPU.ActiveCfg = Release|Any CPU
		{C871687B-77AA-435C-AA8C-2761540A336F}.MinSizeRel|Any CPU.Build.0 = Release|Any CPU
		{C871687B-77AA-435C-AA8C-2761540A336F}.MinSizeRel|x64.ActiveCfg = Release|Any CPU
		{C871687B-77AA-435C-AA8C-2761540A336F}.MinSizeRel|x64.Build.0 = Release|Any CPU
		{C871687B-77AA-435C-AA8C-2761540A336F}.MinSizeRel|x86.ActiveCfg = Release|Any CPU
		{C871687B-77AA-435C-AA8C-2761540A336F}.MinSizeRel|x86.Build.0 = Release|Any CPU
		{C871687B-77AA-435C-AA8C-2761540A336F}.Release|Any CPU.ActiveCfg = Release|Any CPU
		{C871687B-77AA-435C-AA8C-2761540A336F}.Release|Any CPU.Build.0 = Release|Any CPU
		{C871687B-77AA-435C-AA8C-2761540A336F}.Release|x64.ActiveCfg = Release|Any CPU
		{C871687B-77AA-435C-AA8C-2761540A336F}.Release|x64.Build.0 = Release|Any CPU
		{C871687B-77AA-435C-AA8C-2761540A336F}.Release|x86.ActiveCfg = Release|Any CPU
		{C871687B-77AA-435C-AA8C-2761540A336F}.Release|x86.Build.0 = Release|Any CPU
		{C871687B-77AA-435C-AA8C-2761540A336F}.RelWithDebInfo|Any CPU.ActiveCfg = Release|Any CPU
		{C871687B-77AA-435C-AA8C-2761540A336F}.RelWithDebInfo|Any CPU.Build.0 = Release|Any CPU
		{C871687B-77AA-435C-AA8C-2761540A336F}.RelWithDebInfo|x64.ActiveCfg = Release|Any CPU
		{C871687B-77AA-435C-AA8C-2761540A336F}.RelWithDebInfo|x64.Build.0 = Release|Any CPU
		{C871687B-77AA-435C-AA8C-2761540A336F}.RelWithDebInfo|x86.ActiveCfg = Release|Any CPU
		{C871687B-77AA-435C-AA8C-2761540A336F}.RelWithDebInfo|x86.Build.0 = Release|Any CPU
		{991E3FEA-21E5-424C-83EE-B8ADEFE52472}.Debug|Any CPU.ActiveCfg = Debug|Any CPU
		{991E3FEA-21E5-424C-83EE-B8ADEFE52472}.Debug|Any CPU.Build.0 = Debug|Any CPU
		{991E3FEA-21E5-424C-83EE-B8ADEFE52472}.Debug|x64.ActiveCfg = Debug|Any CPU
		{991E3FEA-21E5-424C-83EE-B8ADEFE52472}.Debug|x64.Build.0 = Debug|Any CPU
		{991E3FEA-21E5-424C-83EE-B8ADEFE52472}.Debug|x86.ActiveCfg = Debug|Any CPU
		{991E3FEA-21E5-424C-83EE-B8ADEFE52472}.Debug|x86.Build.0 = Debug|Any CPU
		{991E3FEA-21E5-424C-83EE-B8ADEFE52472}.MinSizeRel|Any CPU.ActiveCfg = Debug|Any CPU
		{991E3FEA-21E5-424C-83EE-B8ADEFE52472}.MinSizeRel|Any CPU.Build.0 = Debug|Any CPU
		{991E3FEA-21E5-424C-83EE-B8ADEFE52472}.MinSizeRel|x64.ActiveCfg = Debug|Any CPU
		{991E3FEA-21E5-424C-83EE-B8ADEFE52472}.MinSizeRel|x64.Build.0 = Debug|Any CPU
		{991E3FEA-21E5-424C-83EE-B8ADEFE52472}.MinSizeRel|x86.ActiveCfg = Debug|Any CPU
		{991E3FEA-21E5-424C-83EE-B8ADEFE52472}.MinSizeRel|x86.Build.0 = Debug|Any CPU
		{991E3FEA-21E5-424C-83EE-B8ADEFE52472}.Release|Any CPU.ActiveCfg = Release|Any CPU
		{991E3FEA-21E5-424C-83EE-B8ADEFE52472}.Release|Any CPU.Build.0 = Release|Any CPU
		{991E3FEA-21E5-424C-83EE-B8ADEFE52472}.Release|x64.ActiveCfg = Release|Any CPU
		{991E3FEA-21E5-424C-83EE-B8ADEFE52472}.Release|x64.Build.0 = Release|Any CPU
		{991E3FEA-21E5-424C-83EE-B8ADEFE52472}.Release|x86.ActiveCfg = Release|Any CPU
		{991E3FEA-21E5-424C-83EE-B8ADEFE52472}.Release|x86.Build.0 = Release|Any CPU
		{991E3FEA-21E5-424C-83EE-B8ADEFE52472}.RelWithDebInfo|Any CPU.ActiveCfg = Release|Any CPU
		{991E3FEA-21E5-424C-83EE-B8ADEFE52472}.RelWithDebInfo|Any CPU.Build.0 = Release|Any CPU
		{991E3FEA-21E5-424C-83EE-B8ADEFE52472}.RelWithDebInfo|x64.ActiveCfg = Release|Any CPU
		{991E3FEA-21E5-424C-83EE-B8ADEFE52472}.RelWithDebInfo|x64.Build.0 = Release|Any CPU
		{991E3FEA-21E5-424C-83EE-B8ADEFE52472}.RelWithDebInfo|x86.ActiveCfg = Release|Any CPU
		{991E3FEA-21E5-424C-83EE-B8ADEFE52472}.RelWithDebInfo|x86.Build.0 = Release|Any CPU
	EndGlobalSection
	GlobalSection(SolutionProperties) = preSolution
		HideSolutionNode = FALSE
	EndGlobalSection
	GlobalSection(ExtensibilityGlobals) = postSolution
		SolutionGuid = {F509616D-6277-4639-B372-C51D63F3E44D}
	EndGlobalSection
EndGlobal
