
Microsoft Visual Studio Solution File, Format Version 12.00
# Visual Studio 15
VisualStudioVersion = 15.0.28010.2003
MinimumVisualStudioVersion = 10.0.40219.1
Project("{8BC9CEB8-8B4A-11D0-8D11-00A0C91BC942}") = "UniqueBase", "..\Source\UniqueBase\UniqueBase.vcxitems", "{4A6B9A4E-845F-43DB-8292-6EAD5C7630CE}"
EndProject
Project("{8BC9CEB8-8B4A-11D0-8D11-00A0C91BC942}") = "UniqueEngine", "..\Source\UniqueEngine\UniqueEngine.vcxitems", "{4A515684-0697-4834-9D80-8DEEEC14AEB7}"
EndProject
Project("{8BC9CEB8-8B4A-11D0-8D11-00A0C91BC942}") = "UniqueSample", "..\Source\UniqueSample\UniqueSample.vcxproj", "{1F984CB6-33D2-4F90-9E07-1DD5C0B83D8C}"
EndProject
Project("{8BC9CEB8-8B4A-11D0-8D11-00A0C91BC942}") = "Common", "..\Build\Common\Common.vcxproj", "{97E665EE-CC1C-3F5F-92EA-DA3C376FEBCF}"
EndProject
Project("{2150E333-8FDC-42A3-9474-1A3956D46DE8}") = "Diligent", "Diligent", "{6BB94CB3-DB80-4546-BD48-F0524E8F3568}"
EndProject
Project("{8BC9CEB8-8B4A-11D0-8D11-00A0C91BC942}") = "GraphicsEngine", "..\Build\Graphics\GraphicsEngine\GraphicsEngine.vcxproj", "{B76E57EC-FB8A-3BE3-87F4-18A239F1326D}"
EndProject
Project("{8BC9CEB8-8B4A-11D0-8D11-00A0C91BC942}") = "GraphicsEngineD3DBase", "..\Build\Graphics\GraphicsEngineD3DBase\GraphicsEngineD3DBase.vcxproj", "{2B5AB3D6-7E4D-3C38-AF9E-99876F6485A6}"
EndProject
Project("{8BC9CEB8-8B4A-11D0-8D11-00A0C91BC942}") = "BasicPlatform", "..\Build\Platforms\Basic\BasicPlatform.vcxproj", "{8C83E6B9-92FD-3525-A4D3-ACAE0EB106C7}"
EndProject
Project("{8BC9CEB8-8B4A-11D0-8D11-00A0C91BC942}") = "GraphicsTools", "..\Build\Graphics\GraphicsTools\GraphicsTools.vcxproj", "{48E3B6DC-C66A-3C05-BDA4-2F4318021819}"
EndProject
Project("{8BC9CEB8-8B4A-11D0-8D11-00A0C91BC942}") = "Win32Platform", "..\Build\Platforms\Win32\Win32Platform.vcxproj", "{C581A7AE-C9B8-3936-8EF0-C0B6197CA2F3}"
EndProject
Project("{8BC9CEB8-8B4A-11D0-8D11-00A0C91BC942}") = "HLSL2GLSLConverterLib", "..\Build\Graphics\HLSL2GLSLConverterLib\HLSL2GLSLConverterLib.vcxproj", "{D543D8DA-515C-3C31-BCD3-A8F39B8606EC}"
EndProject
Project("{8BC9CEB8-8B4A-11D0-8D11-00A0C91BC942}") = "GraphicsEngineD3D11-static", "..\Build\Graphics\GraphicsEngineD3D11\GraphicsEngineD3D11-static.vcxproj", "{174A3BD2-39B4-31C2-B9F6-6A5E6A3925EE}"
EndProject
Project("{8BC9CEB8-8B4A-11D0-8D11-00A0C91BC942}") = "GraphicsEngineOpenGL-static", "..\Build\Graphics\GraphicsEngineOpenGL\GraphicsEngineOpenGL-static.vcxproj", "{2CA71EA2-2C8A-3EA8-8F61-0EC268F5C29E}"
EndProject
Project("{2150E333-8FDC-42A3-9474-1A3956D46DE8}") = "Shared", "Shared", "{C1C988FB-0CE3-4A8C-9CFB-EBEE4419AF71}"
EndProject
Project("{8BC9CEB8-8B4A-11D0-8D11-00A0C91BC942}") = "UniqueNative", "Windows\UniqueNative.vcxproj", "{494B184A-3FB8-4244-9CFC-F5B3BCC36CF2}"
EndProject
Project("{2150E333-8FDC-42A3-9474-1A3956D46DE8}") = "Unique", "Unique", "{5BD8C710-C612-4B59-8571-3FED57E259D8}"
EndProject
Project("{8BC9CEB8-8B4A-11D0-8D11-00A0C91BC942}") = "Primitives", "..\Build\Primitives\Primitives.vcxproj", "{E253642F-4505-3860-9D88-D662833219B8}"
EndProject
Project("{8BC9CEB8-8B4A-11D0-8D11-00A0C91BC942}") = "GraphicsAccessories", "..\Build\Graphics\GraphicsAccessories\GraphicsAccessories.vcxproj", "{9275E7E4-DD09-39A5-843F-5E8DB2B70DDE}"
EndProject
Global
	GlobalSection(SharedMSBuildProjectFiles) = preSolution
		..\Source\UniqueBase\UniqueBase.vcxitems*{1f984cb6-33d2-4f90-9e07-1dd5c0b83d8c}*SharedItemsImports = 4
		..\Source\UniqueEngine\UniqueEngine.vcxitems*{1f984cb6-33d2-4f90-9e07-1dd5c0b83d8c}*SharedItemsImports = 4
		..\Source\UniqueBase\UniqueBase.vcxitems*{494b184a-3fb8-4244-9cfc-f5b3bcc36cf2}*SharedItemsImports = 4
		..\Source\UniqueEngine\UniqueEngine.vcxitems*{494b184a-3fb8-4244-9cfc-f5b3bcc36cf2}*SharedItemsImports = 4
		..\Source\UniqueEngine\UniqueEngine.vcxitems*{4a515684-0697-4834-9d80-8deeec14aeb7}*SharedItemsImports = 9
		..\Source\UniqueBase\UniqueBase.vcxitems*{4a6b9a4e-845f-43db-8292-6ead5c7630ce}*SharedItemsImports = 9
	EndGlobalSection
	GlobalSection(SolutionConfigurationPlatforms) = preSolution
		Debug|Any CPU = Debug|Any CPU
		Debug|ARM = Debug|ARM
		Debug|x64 = Debug|x64
		Debug|x86 = Debug|x86
		MinSizeRel|Any CPU = MinSizeRel|Any CPU
		MinSizeRel|ARM = MinSizeRel|ARM
		MinSizeRel|x64 = MinSizeRel|x64
		MinSizeRel|x86 = MinSizeRel|x86
		Release|Any CPU = Release|Any CPU
		Release|ARM = Release|ARM
		Release|x64 = Release|x64
		Release|x86 = Release|x86
		RelWithDebInfo|Any CPU = RelWithDebInfo|Any CPU
		RelWithDebInfo|ARM = RelWithDebInfo|ARM
		RelWithDebInfo|x64 = RelWithDebInfo|x64
		RelWithDebInfo|x86 = RelWithDebInfo|x86
	EndGlobalSection
	GlobalSection(ProjectConfigurationPlatforms) = postSolution
		{1F984CB6-33D2-4F90-9E07-1DD5C0B83D8C}.Debug|Any CPU.ActiveCfg = Debug|Win32
		{1F984CB6-33D2-4F90-9E07-1DD5C0B83D8C}.Debug|ARM.ActiveCfg = Debug|Win32
		{1F984CB6-33D2-4F90-9E07-1DD5C0B83D8C}.Debug|x64.ActiveCfg = Debug|x64
		{1F984CB6-33D2-4F90-9E07-1DD5C0B83D8C}.Debug|x64.Build.0 = Debug|x64
		{1F984CB6-33D2-4F90-9E07-1DD5C0B83D8C}.Debug|x86.ActiveCfg = Debug|Win32
		{1F984CB6-33D2-4F90-9E07-1DD5C0B83D8C}.Debug|x86.Build.0 = Debug|Win32
		{1F984CB6-33D2-4F90-9E07-1DD5C0B83D8C}.MinSizeRel|Any CPU.ActiveCfg = Release|x64
		{1F984CB6-33D2-4F90-9E07-1DD5C0B83D8C}.MinSizeRel|Any CPU.Build.0 = Release|x64
		{1F984CB6-33D2-4F90-9E07-1DD5C0B83D8C}.MinSizeRel|ARM.ActiveCfg = Release|Win32
		{1F984CB6-33D2-4F90-9E07-1DD5C0B83D8C}.MinSizeRel|ARM.Build.0 = Release|Win32
		{1F984CB6-33D2-4F90-9E07-1DD5C0B83D8C}.MinSizeRel|x64.ActiveCfg = Release|x64
		{1F984CB6-33D2-4F90-9E07-1DD5C0B83D8C}.MinSizeRel|x64.Build.0 = Release|x64
		{1F984CB6-33D2-4F90-9E07-1DD5C0B83D8C}.MinSizeRel|x86.ActiveCfg = Release|Win32
		{1F984CB6-33D2-4F90-9E07-1DD5C0B83D8C}.MinSizeRel|x86.Build.0 = Release|Win32
		{1F984CB6-33D2-4F90-9E07-1DD5C0B83D8C}.Release|Any CPU.ActiveCfg = Release|Win32
		{1F984CB6-33D2-4F90-9E07-1DD5C0B83D8C}.Release|ARM.ActiveCfg = Release|Win32
		{1F984CB6-33D2-4F90-9E07-1DD5C0B83D8C}.Release|x64.ActiveCfg = Release|x64
		{1F984CB6-33D2-4F90-9E07-1DD5C0B83D8C}.Release|x64.Build.0 = Release|x64
		{1F984CB6-33D2-4F90-9E07-1DD5C0B83D8C}.Release|x86.ActiveCfg = Release|Win32
		{1F984CB6-33D2-4F90-9E07-1DD5C0B83D8C}.Release|x86.Build.0 = Release|Win32
		{1F984CB6-33D2-4F90-9E07-1DD5C0B83D8C}.RelWithDebInfo|Any CPU.ActiveCfg = Release|x64
		{1F984CB6-33D2-4F90-9E07-1DD5C0B83D8C}.RelWithDebInfo|Any CPU.Build.0 = Release|x64
		{1F984CB6-33D2-4F90-9E07-1DD5C0B83D8C}.RelWithDebInfo|ARM.ActiveCfg = Release|Win32
		{1F984CB6-33D2-4F90-9E07-1DD5C0B83D8C}.RelWithDebInfo|ARM.Build.0 = Release|Win32
		{1F984CB6-33D2-4F90-9E07-1DD5C0B83D8C}.RelWithDebInfo|x64.ActiveCfg = Release|x64
		{1F984CB6-33D2-4F90-9E07-1DD5C0B83D8C}.RelWithDebInfo|x64.Build.0 = Release|x64
		{1F984CB6-33D2-4F90-9E07-1DD5C0B83D8C}.RelWithDebInfo|x86.ActiveCfg = Release|Win32
		{1F984CB6-33D2-4F90-9E07-1DD5C0B83D8C}.RelWithDebInfo|x86.Build.0 = Release|Win32
		{97E665EE-CC1C-3F5F-92EA-DA3C376FEBCF}.Debug|Any CPU.ActiveCfg = Debug|x64
		{97E665EE-CC1C-3F5F-92EA-DA3C376FEBCF}.Debug|ARM.ActiveCfg = Debug|x64
		{97E665EE-CC1C-3F5F-92EA-DA3C376FEBCF}.Debug|x64.ActiveCfg = Debug|x64
		{97E665EE-CC1C-3F5F-92EA-DA3C376FEBCF}.Debug|x64.Build.0 = Debug|x64
		{97E665EE-CC1C-3F5F-92EA-DA3C376FEBCF}.Debug|x86.ActiveCfg = Debug|x64
		{97E665EE-CC1C-3F5F-92EA-DA3C376FEBCF}.MinSizeRel|Any CPU.ActiveCfg = MinSizeRel|x64
		{97E665EE-CC1C-3F5F-92EA-DA3C376FEBCF}.MinSizeRel|ARM.ActiveCfg = MinSizeRel|x64
		{97E665EE-CC1C-3F5F-92EA-DA3C376FEBCF}.MinSizeRel|x64.ActiveCfg = MinSizeRel|x64
		{97E665EE-CC1C-3F5F-92EA-DA3C376FEBCF}.MinSizeRel|x64.Build.0 = MinSizeRel|x64
		{97E665EE-CC1C-3F5F-92EA-DA3C376FEBCF}.MinSizeRel|x86.ActiveCfg = MinSizeRel|x64
		{97E665EE-CC1C-3F5F-92EA-DA3C376FEBCF}.Release|Any CPU.ActiveCfg = Release|x64
		{97E665EE-CC1C-3F5F-92EA-DA3C376FEBCF}.Release|ARM.ActiveCfg = Release|x64
		{97E665EE-CC1C-3F5F-92EA-DA3C376FEBCF}.Release|x64.ActiveCfg = Release|x64
		{97E665EE-CC1C-3F5F-92EA-DA3C376FEBCF}.Release|x64.Build.0 = Release|x64
		{97E665EE-CC1C-3F5F-92EA-DA3C376FEBCF}.Release|x86.ActiveCfg = Release|x64
		{97E665EE-CC1C-3F5F-92EA-DA3C376FEBCF}.RelWithDebInfo|Any CPU.ActiveCfg = RelWithDebInfo|x64
		{97E665EE-CC1C-3F5F-92EA-DA3C376FEBCF}.RelWithDebInfo|ARM.ActiveCfg = RelWithDebInfo|x64
		{97E665EE-CC1C-3F5F-92EA-DA3C376FEBCF}.RelWithDebInfo|x64.ActiveCfg = RelWithDebInfo|x64
		{97E665EE-CC1C-3F5F-92EA-DA3C376FEBCF}.RelWithDebInfo|x64.Build.0 = RelWithDebInfo|x64
		{97E665EE-CC1C-3F5F-92EA-DA3C376FEBCF}.RelWithDebInfo|x86.ActiveCfg = RelWithDebInfo|x64
		{B76E57EC-FB8A-3BE3-87F4-18A239F1326D}.Debug|Any CPU.ActiveCfg = Debug|x64
		{B76E57EC-FB8A-3BE3-87F4-18A239F1326D}.Debug|ARM.ActiveCfg = Debug|x64
		{B76E57EC-FB8A-3BE3-87F4-18A239F1326D}.Debug|x64.ActiveCfg = Debug|x64
		{B76E57EC-FB8A-3BE3-87F4-18A239F1326D}.Debug|x64.Build.0 = Debug|x64
		{B76E57EC-FB8A-3BE3-87F4-18A239F1326D}.Debug|x86.ActiveCfg = Debug|x64
		{B76E57EC-FB8A-3BE3-87F4-18A239F1326D}.MinSizeRel|Any CPU.ActiveCfg = MinSizeRel|x64
		{B76E57EC-FB8A-3BE3-87F4-18A239F1326D}.MinSizeRel|ARM.ActiveCfg = MinSizeRel|x64
		{B76E57EC-FB8A-3BE3-87F4-18A239F1326D}.MinSizeRel|x64.ActiveCfg = MinSizeRel|x64
		{B76E57EC-FB8A-3BE3-87F4-18A239F1326D}.MinSizeRel|x64.Build.0 = MinSizeRel|x64
		{B76E57EC-FB8A-3BE3-87F4-18A239F1326D}.MinSizeRel|x86.ActiveCfg = MinSizeRel|x64
		{B76E57EC-FB8A-3BE3-87F4-18A239F1326D}.Release|Any CPU.ActiveCfg = Release|x64
		{B76E57EC-FB8A-3BE3-87F4-18A239F1326D}.Release|ARM.ActiveCfg = Release|x64
		{B76E57EC-FB8A-3BE3-87F4-18A239F1326D}.Release|x64.ActiveCfg = Release|x64
		{B76E57EC-FB8A-3BE3-87F4-18A239F1326D}.Release|x64.Build.0 = Release|x64
		{B76E57EC-FB8A-3BE3-87F4-18A239F1326D}.Release|x86.ActiveCfg = Release|x64
		{B76E57EC-FB8A-3BE3-87F4-18A239F1326D}.RelWithDebInfo|Any CPU.ActiveCfg = RelWithDebInfo|x64
		{B76E57EC-FB8A-3BE3-87F4-18A239F1326D}.RelWithDebInfo|ARM.ActiveCfg = RelWithDebInfo|x64
		{B76E57EC-FB8A-3BE3-87F4-18A239F1326D}.RelWithDebInfo|x64.ActiveCfg = RelWithDebInfo|x64
		{B76E57EC-FB8A-3BE3-87F4-18A239F1326D}.RelWithDebInfo|x64.Build.0 = RelWithDebInfo|x64
		{B76E57EC-FB8A-3BE3-87F4-18A239F1326D}.RelWithDebInfo|x86.ActiveCfg = RelWithDebInfo|x64
		{2B5AB3D6-7E4D-3C38-AF9E-99876F6485A6}.Debug|Any CPU.ActiveCfg = Debug|x64
		{2B5AB3D6-7E4D-3C38-AF9E-99876F6485A6}.Debug|ARM.ActiveCfg = Debug|x64
		{2B5AB3D6-7E4D-3C38-AF9E-99876F6485A6}.Debug|x64.ActiveCfg = Debug|x64
		{2B5AB3D6-7E4D-3C38-AF9E-99876F6485A6}.Debug|x64.Build.0 = Debug|x64
		{2B5AB3D6-7E4D-3C38-AF9E-99876F6485A6}.Debug|x86.ActiveCfg = Debug|x64
		{2B5AB3D6-7E4D-3C38-AF9E-99876F6485A6}.MinSizeRel|Any CPU.ActiveCfg = MinSizeRel|x64
		{2B5AB3D6-7E4D-3C38-AF9E-99876F6485A6}.MinSizeRel|ARM.ActiveCfg = MinSizeRel|x64
		{2B5AB3D6-7E4D-3C38-AF9E-99876F6485A6}.MinSizeRel|x64.ActiveCfg = MinSizeRel|x64
		{2B5AB3D6-7E4D-3C38-AF9E-99876F6485A6}.MinSizeRel|x64.Build.0 = MinSizeRel|x64
		{2B5AB3D6-7E4D-3C38-AF9E-99876F6485A6}.MinSizeRel|x86.ActiveCfg = MinSizeRel|x64
		{2B5AB3D6-7E4D-3C38-AF9E-99876F6485A6}.Release|Any CPU.ActiveCfg = Release|x64
		{2B5AB3D6-7E4D-3C38-AF9E-99876F6485A6}.Release|ARM.ActiveCfg = Release|x64
		{2B5AB3D6-7E4D-3C38-AF9E-99876F6485A6}.Release|x64.ActiveCfg = Release|x64
		{2B5AB3D6-7E4D-3C38-AF9E-99876F6485A6}.Release|x64.Build.0 = Release|x64
		{2B5AB3D6-7E4D-3C38-AF9E-99876F6485A6}.Release|x86.ActiveCfg = Release|x64
		{2B5AB3D6-7E4D-3C38-AF9E-99876F6485A6}.RelWithDebInfo|Any CPU.ActiveCfg = RelWithDebInfo|x64
		{2B5AB3D6-7E4D-3C38-AF9E-99876F6485A6}.RelWithDebInfo|ARM.ActiveCfg = RelWithDebInfo|x64
		{2B5AB3D6-7E4D-3C38-AF9E-99876F6485A6}.RelWithDebInfo|x64.ActiveCfg = RelWithDebInfo|x64
		{2B5AB3D6-7E4D-3C38-AF9E-99876F6485A6}.RelWithDebInfo|x64.Build.0 = RelWithDebInfo|x64
		{2B5AB3D6-7E4D-3C38-AF9E-99876F6485A6}.RelWithDebInfo|x86.ActiveCfg = RelWithDebInfo|x64
		{8C83E6B9-92FD-3525-A4D3-ACAE0EB106C7}.Debug|Any CPU.ActiveCfg = Debug|x64
		{8C83E6B9-92FD-3525-A4D3-ACAE0EB106C7}.Debug|ARM.ActiveCfg = Debug|x64
		{8C83E6B9-92FD-3525-A4D3-ACAE0EB106C7}.Debug|x64.ActiveCfg = Debug|x64
		{8C83E6B9-92FD-3525-A4D3-ACAE0EB106C7}.Debug|x64.Build.0 = Debug|x64
		{8C83E6B9-92FD-3525-A4D3-ACAE0EB106C7}.Debug|x86.ActiveCfg = Debug|x64
		{8C83E6B9-92FD-3525-A4D3-ACAE0EB106C7}.MinSizeRel|Any CPU.ActiveCfg = MinSizeRel|x64
		{8C83E6B9-92FD-3525-A4D3-ACAE0EB106C7}.MinSizeRel|ARM.ActiveCfg = MinSizeRel|x64
		{8C83E6B9-92FD-3525-A4D3-ACAE0EB106C7}.MinSizeRel|x64.ActiveCfg = MinSizeRel|x64
		{8C83E6B9-92FD-3525-A4D3-ACAE0EB106C7}.MinSizeRel|x64.Build.0 = MinSizeRel|x64
		{8C83E6B9-92FD-3525-A4D3-ACAE0EB106C7}.MinSizeRel|x86.ActiveCfg = MinSizeRel|x64
		{8C83E6B9-92FD-3525-A4D3-ACAE0EB106C7}.Release|Any CPU.ActiveCfg = Release|x64
		{8C83E6B9-92FD-3525-A4D3-ACAE0EB106C7}.Release|ARM.ActiveCfg = Release|x64
		{8C83E6B9-92FD-3525-A4D3-ACAE0EB106C7}.Release|x64.ActiveCfg = Release|x64
		{8C83E6B9-92FD-3525-A4D3-ACAE0EB106C7}.Release|x64.Build.0 = Release|x64
		{8C83E6B9-92FD-3525-A4D3-ACAE0EB106C7}.Release|x86.ActiveCfg = Release|x64
		{8C83E6B9-92FD-3525-A4D3-ACAE0EB106C7}.RelWithDebInfo|Any CPU.ActiveCfg = RelWithDebInfo|x64
		{8C83E6B9-92FD-3525-A4D3-ACAE0EB106C7}.RelWithDebInfo|ARM.ActiveCfg = RelWithDebInfo|x64
		{8C83E6B9-92FD-3525-A4D3-ACAE0EB106C7}.RelWithDebInfo|x64.ActiveCfg = RelWithDebInfo|x64
		{8C83E6B9-92FD-3525-A4D3-ACAE0EB106C7}.RelWithDebInfo|x64.Build.0 = RelWithDebInfo|x64
		{8C83E6B9-92FD-3525-A4D3-ACAE0EB106C7}.RelWithDebInfo|x86.ActiveCfg = RelWithDebInfo|x64
		{48E3B6DC-C66A-3C05-BDA4-2F4318021819}.Debug|Any CPU.ActiveCfg = Debug|x64
		{48E3B6DC-C66A-3C05-BDA4-2F4318021819}.Debug|ARM.ActiveCfg = Debug|x64
		{48E3B6DC-C66A-3C05-BDA4-2F4318021819}.Debug|x64.ActiveCfg = Debug|x64
		{48E3B6DC-C66A-3C05-BDA4-2F4318021819}.Debug|x64.Build.0 = Debug|x64
		{48E3B6DC-C66A-3C05-BDA4-2F4318021819}.Debug|x86.ActiveCfg = Debug|x64
		{48E3B6DC-C66A-3C05-BDA4-2F4318021819}.MinSizeRel|Any CPU.ActiveCfg = MinSizeRel|x64
		{48E3B6DC-C66A-3C05-BDA4-2F4318021819}.MinSizeRel|ARM.ActiveCfg = MinSizeRel|x64
		{48E3B6DC-C66A-3C05-BDA4-2F4318021819}.MinSizeRel|x64.ActiveCfg = MinSizeRel|x64
		{48E3B6DC-C66A-3C05-BDA4-2F4318021819}.MinSizeRel|x64.Build.0 = MinSizeRel|x64
		{48E3B6DC-C66A-3C05-BDA4-2F4318021819}.MinSizeRel|x86.ActiveCfg = MinSizeRel|x64
		{48E3B6DC-C66A-3C05-BDA4-2F4318021819}.Release|Any CPU.ActiveCfg = Release|x64
		{48E3B6DC-C66A-3C05-BDA4-2F4318021819}.Release|ARM.ActiveCfg = Release|x64
		{48E3B6DC-C66A-3C05-BDA4-2F4318021819}.Release|x64.ActiveCfg = Release|x64
		{48E3B6DC-C66A-3C05-BDA4-2F4318021819}.Release|x64.Build.0 = Release|x64
		{48E3B6DC-C66A-3C05-BDA4-2F4318021819}.Release|x86.ActiveCfg = Release|x64
		{48E3B6DC-C66A-3C05-BDA4-2F4318021819}.RelWithDebInfo|Any CPU.ActiveCfg = RelWithDebInfo|x64
		{48E3B6DC-C66A-3C05-BDA4-2F4318021819}.RelWithDebInfo|ARM.ActiveCfg = RelWithDebInfo|x64
		{48E3B6DC-C66A-3C05-BDA4-2F4318021819}.RelWithDebInfo|x64.ActiveCfg = RelWithDebInfo|x64
		{48E3B6DC-C66A-3C05-BDA4-2F4318021819}.RelWithDebInfo|x64.Build.0 = RelWithDebInfo|x64
		{48E3B6DC-C66A-3C05-BDA4-2F4318021819}.RelWithDebInfo|x86.ActiveCfg = RelWithDebInfo|x64
		{C581A7AE-C9B8-3936-8EF0-C0B6197CA2F3}.Debug|Any CPU.ActiveCfg = Debug|x64
		{C581A7AE-C9B8-3936-8EF0-C0B6197CA2F3}.Debug|ARM.ActiveCfg = Debug|x64
		{C581A7AE-C9B8-3936-8EF0-C0B6197CA2F3}.Debug|x64.ActiveCfg = Debug|x64
		{C581A7AE-C9B8-3936-8EF0-C0B6197CA2F3}.Debug|x64.Build.0 = Debug|x64
		{C581A7AE-C9B8-3936-8EF0-C0B6197CA2F3}.Debug|x86.ActiveCfg = Debug|x64
		{C581A7AE-C9B8-3936-8EF0-C0B6197CA2F3}.MinSizeRel|Any CPU.ActiveCfg = MinSizeRel|x64
		{C581A7AE-C9B8-3936-8EF0-C0B6197CA2F3}.MinSizeRel|ARM.ActiveCfg = MinSizeRel|x64
		{C581A7AE-C9B8-3936-8EF0-C0B6197CA2F3}.MinSizeRel|x64.ActiveCfg = MinSizeRel|x64
		{C581A7AE-C9B8-3936-8EF0-C0B6197CA2F3}.MinSizeRel|x64.Build.0 = MinSizeRel|x64
		{C581A7AE-C9B8-3936-8EF0-C0B6197CA2F3}.MinSizeRel|x86.ActiveCfg = MinSizeRel|x64
		{C581A7AE-C9B8-3936-8EF0-C0B6197CA2F3}.Release|Any CPU.ActiveCfg = Release|x64
		{C581A7AE-C9B8-3936-8EF0-C0B6197CA2F3}.Release|ARM.ActiveCfg = Release|x64
		{C581A7AE-C9B8-3936-8EF0-C0B6197CA2F3}.Release|x64.ActiveCfg = Release|x64
		{C581A7AE-C9B8-3936-8EF0-C0B6197CA2F3}.Release|x64.Build.0 = Release|x64
		{C581A7AE-C9B8-3936-8EF0-C0B6197CA2F3}.Release|x86.ActiveCfg = Release|x64
		{C581A7AE-C9B8-3936-8EF0-C0B6197CA2F3}.RelWithDebInfo|Any CPU.ActiveCfg = RelWithDebInfo|x64
		{C581A7AE-C9B8-3936-8EF0-C0B6197CA2F3}.RelWithDebInfo|ARM.ActiveCfg = RelWithDebInfo|x64
		{C581A7AE-C9B8-3936-8EF0-C0B6197CA2F3}.RelWithDebInfo|x64.ActiveCfg = RelWithDebInfo|x64
		{C581A7AE-C9B8-3936-8EF0-C0B6197CA2F3}.RelWithDebInfo|x64.Build.0 = RelWithDebInfo|x64
		{C581A7AE-C9B8-3936-8EF0-C0B6197CA2F3}.RelWithDebInfo|x86.ActiveCfg = RelWithDebInfo|x64
		{D543D8DA-515C-3C31-BCD3-A8F39B8606EC}.Debug|Any CPU.ActiveCfg = Debug|x64
		{D543D8DA-515C-3C31-BCD3-A8F39B8606EC}.Debug|ARM.ActiveCfg = Debug|x64
		{D543D8DA-515C-3C31-BCD3-A8F39B8606EC}.Debug|x64.ActiveCfg = Debug|x64
		{D543D8DA-515C-3C31-BCD3-A8F39B8606EC}.Debug|x64.Build.0 = Debug|x64
		{D543D8DA-515C-3C31-BCD3-A8F39B8606EC}.Debug|x86.ActiveCfg = Debug|x64
		{D543D8DA-515C-3C31-BCD3-A8F39B8606EC}.MinSizeRel|Any CPU.ActiveCfg = MinSizeRel|x64
		{D543D8DA-515C-3C31-BCD3-A8F39B8606EC}.MinSizeRel|ARM.ActiveCfg = MinSizeRel|x64
		{D543D8DA-515C-3C31-BCD3-A8F39B8606EC}.MinSizeRel|x64.ActiveCfg = MinSizeRel|x64
		{D543D8DA-515C-3C31-BCD3-A8F39B8606EC}.MinSizeRel|x64.Build.0 = MinSizeRel|x64
		{D543D8DA-515C-3C31-BCD3-A8F39B8606EC}.MinSizeRel|x86.ActiveCfg = MinSizeRel|x64
		{D543D8DA-515C-3C31-BCD3-A8F39B8606EC}.Release|Any CPU.ActiveCfg = Release|x64
		{D543D8DA-515C-3C31-BCD3-A8F39B8606EC}.Release|ARM.ActiveCfg = Release|x64
		{D543D8DA-515C-3C31-BCD3-A8F39B8606EC}.Release|x64.ActiveCfg = Release|x64
		{D543D8DA-515C-3C31-BCD3-A8F39B8606EC}.Release|x64.Build.0 = Release|x64
		{D543D8DA-515C-3C31-BCD3-A8F39B8606EC}.Release|x86.ActiveCfg = Release|x64
		{D543D8DA-515C-3C31-BCD3-A8F39B8606EC}.RelWithDebInfo|Any CPU.ActiveCfg = RelWithDebInfo|x64
		{D543D8DA-515C-3C31-BCD3-A8F39B8606EC}.RelWithDebInfo|ARM.ActiveCfg = RelWithDebInfo|x64
		{D543D8DA-515C-3C31-BCD3-A8F39B8606EC}.RelWithDebInfo|x64.ActiveCfg = RelWithDebInfo|x64
		{D543D8DA-515C-3C31-BCD3-A8F39B8606EC}.RelWithDebInfo|x64.Build.0 = RelWithDebInfo|x64
		{D543D8DA-515C-3C31-BCD3-A8F39B8606EC}.RelWithDebInfo|x86.ActiveCfg = RelWithDebInfo|x64
		{174A3BD2-39B4-31C2-B9F6-6A5E6A3925EE}.Debug|Any CPU.ActiveCfg = Debug|x64
		{174A3BD2-39B4-31C2-B9F6-6A5E6A3925EE}.Debug|ARM.ActiveCfg = Debug|x64
		{174A3BD2-39B4-31C2-B9F6-6A5E6A3925EE}.Debug|x64.ActiveCfg = Debug|x64
		{174A3BD2-39B4-31C2-B9F6-6A5E6A3925EE}.Debug|x64.Build.0 = Debug|x64
		{174A3BD2-39B4-31C2-B9F6-6A5E6A3925EE}.Debug|x86.ActiveCfg = Debug|x64
		{174A3BD2-39B4-31C2-B9F6-6A5E6A3925EE}.MinSizeRel|Any CPU.ActiveCfg = MinSizeRel|x64
		{174A3BD2-39B4-31C2-B9F6-6A5E6A3925EE}.MinSizeRel|ARM.ActiveCfg = MinSizeRel|x64
		{174A3BD2-39B4-31C2-B9F6-6A5E6A3925EE}.MinSizeRel|x64.ActiveCfg = MinSizeRel|x64
		{174A3BD2-39B4-31C2-B9F6-6A5E6A3925EE}.MinSizeRel|x64.Build.0 = MinSizeRel|x64
		{174A3BD2-39B4-31C2-B9F6-6A5E6A3925EE}.MinSizeRel|x86.ActiveCfg = MinSizeRel|x64
		{174A3BD2-39B4-31C2-B9F6-6A5E6A3925EE}.Release|Any CPU.ActiveCfg = Release|x64
		{174A3BD2-39B4-31C2-B9F6-6A5E6A3925EE}.Release|ARM.ActiveCfg = Release|x64
		{174A3BD2-39B4-31C2-B9F6-6A5E6A3925EE}.Release|x64.ActiveCfg = Release|x64
		{174A3BD2-39B4-31C2-B9F6-6A5E6A3925EE}.Release|x64.Build.0 = Release|x64
		{174A3BD2-39B4-31C2-B9F6-6A5E6A3925EE}.Release|x86.ActiveCfg = Release|x64
		{174A3BD2-39B4-31C2-B9F6-6A5E6A3925EE}.RelWithDebInfo|Any CPU.ActiveCfg = RelWithDebInfo|x64
		{174A3BD2-39B4-31C2-B9F6-6A5E6A3925EE}.RelWithDebInfo|ARM.ActiveCfg = RelWithDebInfo|x64
		{174A3BD2-39B4-31C2-B9F6-6A5E6A3925EE}.RelWithDebInfo|x64.ActiveCfg = RelWithDebInfo|x64
		{174A3BD2-39B4-31C2-B9F6-6A5E6A3925EE}.RelWithDebInfo|x64.Build.0 = RelWithDebInfo|x64
		{174A3BD2-39B4-31C2-B9F6-6A5E6A3925EE}.RelWithDebInfo|x86.ActiveCfg = RelWithDebInfo|x64
		{2CA71EA2-2C8A-3EA8-8F61-0EC268F5C29E}.Debug|Any CPU.ActiveCfg = Debug|x64
		{2CA71EA2-2C8A-3EA8-8F61-0EC268F5C29E}.Debug|ARM.ActiveCfg = Debug|x64
		{2CA71EA2-2C8A-3EA8-8F61-0EC268F5C29E}.Debug|x64.ActiveCfg = Debug|x64
		{2CA71EA2-2C8A-3EA8-8F61-0EC268F5C29E}.Debug|x64.Build.0 = Debug|x64
		{2CA71EA2-2C8A-3EA8-8F61-0EC268F5C29E}.Debug|x86.ActiveCfg = Debug|x64
		{2CA71EA2-2C8A-3EA8-8F61-0EC268F5C29E}.MinSizeRel|Any CPU.ActiveCfg = MinSizeRel|x64
		{2CA71EA2-2C8A-3EA8-8F61-0EC268F5C29E}.MinSizeRel|ARM.ActiveCfg = MinSizeRel|x64
		{2CA71EA2-2C8A-3EA8-8F61-0EC268F5C29E}.MinSizeRel|x64.ActiveCfg = MinSizeRel|x64
		{2CA71EA2-2C8A-3EA8-8F61-0EC268F5C29E}.MinSizeRel|x64.Build.0 = MinSizeRel|x64
		{2CA71EA2-2C8A-3EA8-8F61-0EC268F5C29E}.MinSizeRel|x86.ActiveCfg = MinSizeRel|x64
		{2CA71EA2-2C8A-3EA8-8F61-0EC268F5C29E}.Release|Any CPU.ActiveCfg = Release|x64
		{2CA71EA2-2C8A-3EA8-8F61-0EC268F5C29E}.Release|ARM.ActiveCfg = Release|x64
		{2CA71EA2-2C8A-3EA8-8F61-0EC268F5C29E}.Release|x64.ActiveCfg = Release|x64
		{2CA71EA2-2C8A-3EA8-8F61-0EC268F5C29E}.Release|x64.Build.0 = Release|x64
		{2CA71EA2-2C8A-3EA8-8F61-0EC268F5C29E}.Release|x86.ActiveCfg = Release|x64
		{2CA71EA2-2C8A-3EA8-8F61-0EC268F5C29E}.RelWithDebInfo|Any CPU.ActiveCfg = RelWithDebInfo|x64
		{2CA71EA2-2C8A-3EA8-8F61-0EC268F5C29E}.RelWithDebInfo|ARM.ActiveCfg = RelWithDebInfo|x64
		{2CA71EA2-2C8A-3EA8-8F61-0EC268F5C29E}.RelWithDebInfo|x64.ActiveCfg = RelWithDebInfo|x64
		{2CA71EA2-2C8A-3EA8-8F61-0EC268F5C29E}.RelWithDebInfo|x64.Build.0 = RelWithDebInfo|x64
		{2CA71EA2-2C8A-3EA8-8F61-0EC268F5C29E}.RelWithDebInfo|x86.ActiveCfg = RelWithDebInfo|x64
		{494B184A-3FB8-4244-9CFC-F5B3BCC36CF2}.Debug|Any CPU.ActiveCfg = Debug|Win32
		{494B184A-3FB8-4244-9CFC-F5B3BCC36CF2}.Debug|ARM.ActiveCfg = Debug|Win32
		{494B184A-3FB8-4244-9CFC-F5B3BCC36CF2}.Debug|x64.ActiveCfg = Debug|x64
		{494B184A-3FB8-4244-9CFC-F5B3BCC36CF2}.Debug|x64.Build.0 = Debug|x64
		{494B184A-3FB8-4244-9CFC-F5B3BCC36CF2}.Debug|x86.ActiveCfg = Debug|Win32
		{494B184A-3FB8-4244-9CFC-F5B3BCC36CF2}.Debug|x86.Build.0 = Debug|Win32
		{494B184A-3FB8-4244-9CFC-F5B3BCC36CF2}.MinSizeRel|Any CPU.ActiveCfg = Release|x64
		{494B184A-3FB8-4244-9CFC-F5B3BCC36CF2}.MinSizeRel|Any CPU.Build.0 = Release|x64
		{494B184A-3FB8-4244-9CFC-F5B3BCC36CF2}.MinSizeRel|ARM.ActiveCfg = Release|x64
		{494B184A-3FB8-4244-9CFC-F5B3BCC36CF2}.MinSizeRel|ARM.Build.0 = Release|x64
		{494B184A-3FB8-4244-9CFC-F5B3BCC36CF2}.MinSizeRel|x64.ActiveCfg = Release|x64
		{494B184A-3FB8-4244-9CFC-F5B3BCC36CF2}.MinSizeRel|x64.Build.0 = Release|x64
		{494B184A-3FB8-4244-9CFC-F5B3BCC36CF2}.MinSizeRel|x86.ActiveCfg = Release|Win32
		{494B184A-3FB8-4244-9CFC-F5B3BCC36CF2}.MinSizeRel|x86.Build.0 = Release|Win32
		{494B184A-3FB8-4244-9CFC-F5B3BCC36CF2}.Release|Any CPU.ActiveCfg = Release|Win32
		{494B184A-3FB8-4244-9CFC-F5B3BCC36CF2}.Release|ARM.ActiveCfg = Release|Win32
		{494B184A-3FB8-4244-9CFC-F5B3BCC36CF2}.Release|x64.ActiveCfg = Release|x64
		{494B184A-3FB8-4244-9CFC-F5B3BCC36CF2}.Release|x64.Build.0 = Release|x64
		{494B184A-3FB8-4244-9CFC-F5B3BCC36CF2}.Release|x86.ActiveCfg = Release|Win32
		{494B184A-3FB8-4244-9CFC-F5B3BCC36CF2}.Release|x86.Build.0 = Release|Win32
		{494B184A-3FB8-4244-9CFC-F5B3BCC36CF2}.RelWithDebInfo|Any CPU.ActiveCfg = Release|x64
		{494B184A-3FB8-4244-9CFC-F5B3BCC36CF2}.RelWithDebInfo|Any CPU.Build.0 = Release|x64
		{494B184A-3FB8-4244-9CFC-F5B3BCC36CF2}.RelWithDebInfo|ARM.ActiveCfg = Release|x64
		{494B184A-3FB8-4244-9CFC-F5B3BCC36CF2}.RelWithDebInfo|ARM.Build.0 = Release|x64
		{494B184A-3FB8-4244-9CFC-F5B3BCC36CF2}.RelWithDebInfo|x64.ActiveCfg = Release|x64
		{494B184A-3FB8-4244-9CFC-F5B3BCC36CF2}.RelWithDebInfo|x64.Build.0 = Release|x64
		{494B184A-3FB8-4244-9CFC-F5B3BCC36CF2}.RelWithDebInfo|x86.ActiveCfg = Release|Win32
		{494B184A-3FB8-4244-9CFC-F5B3BCC36CF2}.RelWithDebInfo|x86.Build.0 = Release|Win32
		{E253642F-4505-3860-9D88-D662833219B8}.Debug|Any CPU.ActiveCfg = Debug|x64
		{E253642F-4505-3860-9D88-D662833219B8}.Debug|ARM.ActiveCfg = Debug|x64
		{E253642F-4505-3860-9D88-D662833219B8}.Debug|x64.ActiveCfg = Debug|x64
		{E253642F-4505-3860-9D88-D662833219B8}.Debug|x64.Build.0 = Debug|x64
		{E253642F-4505-3860-9D88-D662833219B8}.Debug|x86.ActiveCfg = Debug|x64
		{E253642F-4505-3860-9D88-D662833219B8}.MinSizeRel|Any CPU.ActiveCfg = MinSizeRel|x64
		{E253642F-4505-3860-9D88-D662833219B8}.MinSizeRel|ARM.ActiveCfg = MinSizeRel|x64
		{E253642F-4505-3860-9D88-D662833219B8}.MinSizeRel|x64.ActiveCfg = MinSizeRel|x64
		{E253642F-4505-3860-9D88-D662833219B8}.MinSizeRel|x64.Build.0 = MinSizeRel|x64
		{E253642F-4505-3860-9D88-D662833219B8}.MinSizeRel|x86.ActiveCfg = MinSizeRel|x64
		{E253642F-4505-3860-9D88-D662833219B8}.Release|Any CPU.ActiveCfg = Release|x64
		{E253642F-4505-3860-9D88-D662833219B8}.Release|ARM.ActiveCfg = Release|x64
		{E253642F-4505-3860-9D88-D662833219B8}.Release|x64.ActiveCfg = Release|x64
		{E253642F-4505-3860-9D88-D662833219B8}.Release|x64.Build.0 = Release|x64
		{E253642F-4505-3860-9D88-D662833219B8}.Release|x86.ActiveCfg = Release|x64
		{E253642F-4505-3860-9D88-D662833219B8}.RelWithDebInfo|Any CPU.ActiveCfg = RelWithDebInfo|x64
		{E253642F-4505-3860-9D88-D662833219B8}.RelWithDebInfo|ARM.ActiveCfg = RelWithDebInfo|x64
		{E253642F-4505-3860-9D88-D662833219B8}.RelWithDebInfo|x64.ActiveCfg = RelWithDebInfo|x64
		{E253642F-4505-3860-9D88-D662833219B8}.RelWithDebInfo|x64.Build.0 = RelWithDebInfo|x64
		{E253642F-4505-3860-9D88-D662833219B8}.RelWithDebInfo|x86.ActiveCfg = RelWithDebInfo|x64
		{9275E7E4-DD09-39A5-843F-5E8DB2B70DDE}.Debug|Any CPU.ActiveCfg = Debug|x64
		{9275E7E4-DD09-39A5-843F-5E8DB2B70DDE}.Debug|ARM.ActiveCfg = Debug|x64
		{9275E7E4-DD09-39A5-843F-5E8DB2B70DDE}.Debug|x64.ActiveCfg = Debug|x64
		{9275E7E4-DD09-39A5-843F-5E8DB2B70DDE}.Debug|x64.Build.0 = Debug|x64
		{9275E7E4-DD09-39A5-843F-5E8DB2B70DDE}.Debug|x86.ActiveCfg = Debug|x64
		{9275E7E4-DD09-39A5-843F-5E8DB2B70DDE}.MinSizeRel|Any CPU.ActiveCfg = MinSizeRel|x64
		{9275E7E4-DD09-39A5-843F-5E8DB2B70DDE}.MinSizeRel|ARM.ActiveCfg = MinSizeRel|x64
		{9275E7E4-DD09-39A5-843F-5E8DB2B70DDE}.MinSizeRel|x64.ActiveCfg = MinSizeRel|x64
		{9275E7E4-DD09-39A5-843F-5E8DB2B70DDE}.MinSizeRel|x64.Build.0 = MinSizeRel|x64
		{9275E7E4-DD09-39A5-843F-5E8DB2B70DDE}.MinSizeRel|x86.ActiveCfg = MinSizeRel|x64
		{9275E7E4-DD09-39A5-843F-5E8DB2B70DDE}.Release|Any CPU.ActiveCfg = Release|x64
		{9275E7E4-DD09-39A5-843F-5E8DB2B70DDE}.Release|ARM.ActiveCfg = Release|x64
		{9275E7E4-DD09-39A5-843F-5E8DB2B70DDE}.Release|x64.ActiveCfg = Release|x64
		{9275E7E4-DD09-39A5-843F-5E8DB2B70DDE}.Release|x64.Build.0 = Release|x64
		{9275E7E4-DD09-39A5-843F-5E8DB2B70DDE}.Release|x86.ActiveCfg = Release|x64
		{9275E7E4-DD09-39A5-843F-5E8DB2B70DDE}.RelWithDebInfo|Any CPU.ActiveCfg = RelWithDebInfo|x64
		{9275E7E4-DD09-39A5-843F-5E8DB2B70DDE}.RelWithDebInfo|ARM.ActiveCfg = RelWithDebInfo|x64
		{9275E7E4-DD09-39A5-843F-5E8DB2B70DDE}.RelWithDebInfo|x64.ActiveCfg = RelWithDebInfo|x64
		{9275E7E4-DD09-39A5-843F-5E8DB2B70DDE}.RelWithDebInfo|x64.Build.0 = RelWithDebInfo|x64
		{9275E7E4-DD09-39A5-843F-5E8DB2B70DDE}.RelWithDebInfo|x86.ActiveCfg = RelWithDebInfo|x64
	EndGlobalSection
	GlobalSection(SolutionProperties) = preSolution
		HideSolutionNode = FALSE
	EndGlobalSection
	GlobalSection(NestedProjects) = preSolution
		{4A6B9A4E-845F-43DB-8292-6EAD5C7630CE} = {C1C988FB-0CE3-4A8C-9CFB-EBEE4419AF71}
		{4A515684-0697-4834-9D80-8DEEEC14AEB7} = {C1C988FB-0CE3-4A8C-9CFB-EBEE4419AF71}
		{97E665EE-CC1C-3F5F-92EA-DA3C376FEBCF} = {6BB94CB3-DB80-4546-BD48-F0524E8F3568}
		{B76E57EC-FB8A-3BE3-87F4-18A239F1326D} = {6BB94CB3-DB80-4546-BD48-F0524E8F3568}
		{2B5AB3D6-7E4D-3C38-AF9E-99876F6485A6} = {6BB94CB3-DB80-4546-BD48-F0524E8F3568}
		{8C83E6B9-92FD-3525-A4D3-ACAE0EB106C7} = {6BB94CB3-DB80-4546-BD48-F0524E8F3568}
		{48E3B6DC-C66A-3C05-BDA4-2F4318021819} = {6BB94CB3-DB80-4546-BD48-F0524E8F3568}
		{C581A7AE-C9B8-3936-8EF0-C0B6197CA2F3} = {6BB94CB3-DB80-4546-BD48-F0524E8F3568}
		{D543D8DA-515C-3C31-BCD3-A8F39B8606EC} = {6BB94CB3-DB80-4546-BD48-F0524E8F3568}
		{174A3BD2-39B4-31C2-B9F6-6A5E6A3925EE} = {6BB94CB3-DB80-4546-BD48-F0524E8F3568}
		{2CA71EA2-2C8A-3EA8-8F61-0EC268F5C29E} = {6BB94CB3-DB80-4546-BD48-F0524E8F3568}
		{E253642F-4505-3860-9D88-D662833219B8} = {6BB94CB3-DB80-4546-BD48-F0524E8F3568}
		{9275E7E4-DD09-39A5-843F-5E8DB2B70DDE} = {6BB94CB3-DB80-4546-BD48-F0524E8F3568}
	EndGlobalSection
	GlobalSection(ExtensibilityGlobals) = postSolution
		SolutionGuid = {F509616D-6277-4639-B372-C51D63F3E44D}
	EndGlobalSection
EndGlobal
